// !$*UTF8*$!
{
	archiveVersion = 1;
	classes = {
	};
	objectVersion = 50;
	objects = {

/* Begin PBXBuildFile section */
		76C1D1B7B4DF39DB7A1A2966 /* Pods_BBAccountantTool.framework in Frameworks */ = {isa = PBXBuildFile; fileRef = 8226914B9A2253FFC9840E82 /* Pods_BBAccountantTool.framework */; };
		CF0B9BEC20F7253B00D42009 /* BBNewsIndexDataProvider.swift in Sources */ = {isa = PBXBuildFile; fileRef = CF0B9BEB20F7253B00D42009 /* BBNewsIndexDataProvider.swift */; };
		CF0B9BEE20F7286C00D42009 /* BBNewsIndexTitleModel.swift in Sources */ = {isa = PBXBuildFile; fileRef = CF0B9BED20F7286C00D42009 /* BBNewsIndexTitleModel.swift */; };
		CF0B9BF120F73D4300D42009 /* UIColor+Extension.swift in Sources */ = {isa = PBXBuildFile; fileRef = CF0B9BF020F73D4300D42009 /* UIColor+Extension.swift */; };
		CF1A84D020F899B900E9CE0B /* NSString+SGPagingView.m in Sources */ = {isa = PBXBuildFile; fileRef = CF1A84C220F899B900E9CE0B /* NSString+SGPagingView.m */; };
		CF1A84D120F899B900E9CE0B /* UIButton+SGPagingView.m in Sources */ = {isa = PBXBuildFile; fileRef = CF1A84C320F899B900E9CE0B /* UIButton+SGPagingView.m */; };
		CF1A84D220F899B900E9CE0B /* UIView+SGPagingView.m in Sources */ = {isa = PBXBuildFile; fileRef = CF1A84C420F899B900E9CE0B /* UIView+SGPagingView.m */; };
		CF1A84D320F899B900E9CE0B /* SGPageContentScrollView.m in Sources */ = {isa = PBXBuildFile; fileRef = CF1A84C620F899B900E9CE0B /* SGPageContentScrollView.m */; };
		CF1A84D420F899B900E9CE0B /* SGPageContentCollectionView.m in Sources */ = {isa = PBXBuildFile; fileRef = CF1A84C920F899B900E9CE0B /* SGPageContentCollectionView.m */; };
		CF1A84D520F899B900E9CE0B /* SGPageTitleView.m in Sources */ = {isa = PBXBuildFile; fileRef = CF1A84CB20F899B900E9CE0B /* SGPageTitleView.m */; };
		CF1A84D620F899B900E9CE0B /* SGPageTitleViewConfigure.m in Sources */ = {isa = PBXBuildFile; fileRef = CF1A84CC20F899B900E9CE0B /* SGPageTitleViewConfigure.m */; };
		CF1B5BCC20E3775400DE77DD /* BBHomeWebController.swift in Sources */ = {isa = PBXBuildFile; fileRef = CF1B5BCB20E3775400DE77DD /* BBHomeWebController.swift */; };
		CF4E730420E610F3005487BB /* WBComposeTypeView.swift in Sources */ = {isa = PBXBuildFile; fileRef = CF4E730020E610F2005487BB /* WBComposeTypeView.swift */; };
		CF4E730520E610F3005487BB /* WBComposeTypeButton.xib in Resources */ = {isa = PBXBuildFile; fileRef = CF4E730120E610F3005487BB /* WBComposeTypeButton.xib */; };
		CF4E730620E610F3005487BB /* WBComposeTypeButton.swift in Sources */ = {isa = PBXBuildFile; fileRef = CF4E730220E610F3005487BB /* WBComposeTypeButton.swift */; };
		CF4E730720E610F3005487BB /* WBComposeTypeView.xib in Resources */ = {isa = PBXBuildFile; fileRef = CF4E730320E610F3005487BB /* WBComposeTypeView.xib */; };
		CF4E732720E61EC7005487BB /* BBShareView.swift in Sources */ = {isa = PBXBuildFile; fileRef = CF4E732620E61EC7005487BB /* BBShareView.swift */; };
		CF4E732920E61ED7005487BB /* BBShareView.xib in Resources */ = {isa = PBXBuildFile; fileRef = CF4E732820E61ED7005487BB /* BBShareView.xib */; };
		CF51C08E20D88CD20024E971 /* Assets.xcassets in Resources */ = {isa = PBXBuildFile; fileRef = CF51C08D20D88CD20024E971 /* Assets.xcassets */; };
		CF51C09120D88CD20024E971 /* LaunchScreen.storyboard in Resources */ = {isa = PBXBuildFile; fileRef = CF51C08F20D88CD20024E971 /* LaunchScreen.storyboard */; };
		CF51C0A920D893A10024E971 /* BBGestureBaseController.swift in Sources */ = {isa = PBXBuildFile; fileRef = CF51C0A120D893A10024E971 /* BBGestureBaseController.swift */; };
		CF51C0AA20D893A10024E971 /* BBGestureBackConst.swift in Sources */ = {isa = PBXBuildFile; fileRef = CF51C0A220D893A10024E971 /* BBGestureBackConst.swift */; };
		CF51C0AC20D893A10024E971 /* BBNavigationController.swift in Sources */ = {isa = PBXBuildFile; fileRef = CF51C0A620D893A10024E971 /* BBNavigationController.swift */; };
		CF51C0AD20D893A10024E971 /* BBTabBarController.swift in Sources */ = {isa = PBXBuildFile; fileRef = CF51C0A820D893A10024E971 /* BBTabBarController.swift */; };
		CF51C0B220D897530024E971 /* BBConst.swift in Sources */ = {isa = PBXBuildFile; fileRef = CF51C0B120D897530024E971 /* BBConst.swift */; };
		CF69AAD620DB9AA700B5BCC7 /* AppDelegate.swift in Sources */ = {isa = PBXBuildFile; fileRef = CF69AAD520DB9AA700B5BCC7 /* AppDelegate.swift */; };
		CF69AAE320DB9B6600B5BCC7 /* UIButton+ImageTitleSpacing.m in Sources */ = {isa = PBXBuildFile; fileRef = CF69AAE020DB9B6600B5BCC7 /* UIButton+ImageTitleSpacing.m */; };
		CF69AAE420DB9B6600B5BCC7 /* UIView+Extension.swift in Sources */ = {isa = PBXBuildFile; fileRef = CF69AAE220DB9B6600B5BCC7 /* UIView+Extension.swift */; };
		CF6E85F420EF61DB009FE443 /* String+Extension.swift in Sources */ = {isa = PBXBuildFile; fileRef = CF6E85F320EF61DB009FE443 /* String+Extension.swift */; };
		CF71A82220EC5646001F0738 /* libicucore.tbd in Frameworks */ = {isa = PBXBuildFile; fileRef = CF71A82120EC5646001F0738 /* libicucore.tbd */; };
		CF71A82420EC5656001F0738 /* libz.tbd in Frameworks */ = {isa = PBXBuildFile; fileRef = CF71A82320EC5656001F0738 /* libz.tbd */; };
		CF71A82620EC5668001F0738 /* libstdc++.tbd in Frameworks */ = {isa = PBXBuildFile; fileRef = CF71A82520EC5668001F0738 /* libstdc++.tbd */; };
		CF71A82820EC5675001F0738 /* JavaScriptCore.framework in Frameworks */ = {isa = PBXBuildFile; fileRef = CF71A82720EC5675001F0738 /* JavaScriptCore.framework */; };
		CF71A82A20EC569E001F0738 /* ImageIO.framework in Frameworks */ = {isa = PBXBuildFile; fileRef = CF71A82920EC569E001F0738 /* ImageIO.framework */; };
		CF71A82C20EC56A9001F0738 /* libsqlite3.tbd in Frameworks */ = {isa = PBXBuildFile; fileRef = CF71A82B20EC56A9001F0738 /* libsqlite3.tbd */; };
		CF71A82E20EC56B6001F0738 /* Photos.framework in Frameworks */ = {isa = PBXBuildFile; fileRef = CF71A82D20EC56B6001F0738 /* Photos.framework */; };
		CF75EA7720E4BC2A00147F3E /* MBProgressHUD+Extension.m in Sources */ = {isa = PBXBuildFile; fileRef = CF75EA7620E4BC2A00147F3E /* MBProgressHUD+Extension.m */; };
		CF82EC6C20EF1AC300CCE8DC /* UIScrollView+MJRefresh.m in Sources */ = {isa = PBXBuildFile; fileRef = CF82EBED20EF1AC300CCE8DC /* UIScrollView+MJRefresh.m */; };
		CF82EC6D20EF1AC300CCE8DC /* MJRefreshConst.m in Sources */ = {isa = PBXBuildFile; fileRef = CF82EBEE20EF1AC300CCE8DC /* MJRefreshConst.m */; };
		CF82EC6E20EF1AC300CCE8DC /* MJRefresh.bundle in Resources */ = {isa = PBXBuildFile; fileRef = CF82EBF220EF1AC300CCE8DC /* MJRefresh.bundle */; };
		CF82EC6F20EF1AC300CCE8DC /* UIScrollView+MJExtension.m in Sources */ = {isa = PBXBuildFile; fileRef = CF82EBF420EF1AC300CCE8DC /* UIScrollView+MJExtension.m */; };
		CF82EC7020EF1AC300CCE8DC /* NSBundle+MJRefresh.m in Sources */ = {isa = PBXBuildFile; fileRef = CF82EBF720EF1AC300CCE8DC /* NSBundle+MJRefresh.m */; };
		CF82EC7120EF1AC300CCE8DC /* UIView+MJExtension.m in Sources */ = {isa = PBXBuildFile; fileRef = CF82EBF820EF1AC300CCE8DC /* UIView+MJExtension.m */; };
		CF82EC7220EF1AC300CCE8DC /* MJRefreshBackGifFooter.m in Sources */ = {isa = PBXBuildFile; fileRef = CF82EBFF20EF1AC300CCE8DC /* MJRefreshBackGifFooter.m */; };
		CF82EC7320EF1AC300CCE8DC /* MJRefreshBackStateFooter.m in Sources */ = {isa = PBXBuildFile; fileRef = CF82EC0020EF1AC300CCE8DC /* MJRefreshBackStateFooter.m */; };
		CF82EC7420EF1AC300CCE8DC /* MJRefreshBackNormalFooter.m in Sources */ = {isa = PBXBuildFile; fileRef = CF82EC0120EF1AC300CCE8DC /* MJRefreshBackNormalFooter.m */; };
		CF82EC7520EF1AC300CCE8DC /* MJRefreshAutoStateFooter.m in Sources */ = {isa = PBXBuildFile; fileRef = CF82EC0620EF1AC300CCE8DC /* MJRefreshAutoStateFooter.m */; };
		CF82EC7620EF1AC300CCE8DC /* MJRefreshAutoGifFooter.m in Sources */ = {isa = PBXBuildFile; fileRef = CF82EC0720EF1AC300CCE8DC /* MJRefreshAutoGifFooter.m */; };
		CF82EC7720EF1AC300CCE8DC /* MJRefreshAutoNormalFooter.m in Sources */ = {isa = PBXBuildFile; fileRef = CF82EC0820EF1AC300CCE8DC /* MJRefreshAutoNormalFooter.m */; };
		CF82EC7820EF1AC300CCE8DC /* MJRefreshNormalHeader.m in Sources */ = {isa = PBXBuildFile; fileRef = CF82EC0A20EF1AC300CCE8DC /* MJRefreshNormalHeader.m */; };
		CF82EC7920EF1AC300CCE8DC /* MJRefreshStateHeader.m in Sources */ = {isa = PBXBuildFile; fileRef = CF82EC0E20EF1AC300CCE8DC /* MJRefreshStateHeader.m */; };
		CF82EC7A20EF1AC300CCE8DC /* MJRefreshGifHeader.m in Sources */ = {isa = PBXBuildFile; fileRef = CF82EC0F20EF1AC300CCE8DC /* MJRefreshGifHeader.m */; };
		CF82EC7B20EF1AC300CCE8DC /* MJRefreshFooter.m in Sources */ = {isa = PBXBuildFile; fileRef = CF82EC1120EF1AC300CCE8DC /* MJRefreshFooter.m */; };
		CF82EC7C20EF1AC300CCE8DC /* MJRefreshHeader.m in Sources */ = {isa = PBXBuildFile; fileRef = CF82EC1320EF1AC300CCE8DC /* MJRefreshHeader.m */; };
		CF82EC7D20EF1AC300CCE8DC /* MJRefreshBackFooter.m in Sources */ = {isa = PBXBuildFile; fileRef = CF82EC1520EF1AC300CCE8DC /* MJRefreshBackFooter.m */; };
		CF82EC7E20EF1AC300CCE8DC /* MJRefreshAutoFooter.m in Sources */ = {isa = PBXBuildFile; fileRef = CF82EC1620EF1AC300CCE8DC /* MJRefreshAutoFooter.m */; };
		CF82EC7F20EF1AC300CCE8DC /* MJRefreshComponent.m in Sources */ = {isa = PBXBuildFile; fileRef = CF82EC1820EF1AC300CCE8DC /* MJRefreshComponent.m */; };
		CF82EC8020EF1AC300CCE8DC /* WeiboSDK.bundle in Resources */ = {isa = PBXBuildFile; fileRef = CF82EC2020EF1AC300CCE8DC /* WeiboSDK.bundle */; };
		CF82EC8120EF1AC300CCE8DC /* libWeiboSDK.a in Frameworks */ = {isa = PBXBuildFile; fileRef = CF82EC2120EF1AC300CCE8DC /* libWeiboSDK.a */; };
		CF82EC8220EF1AC300CCE8DC /* README.txt in Resources */ = {isa = PBXBuildFile; fileRef = CF82EC2720EF1AC300CCE8DC /* README.txt */; };
		CF82EC8320EF1AC300CCE8DC /* libWeChatSDK.a in Frameworks */ = {isa = PBXBuildFile; fileRef = CF82EC2920EF1AC300CCE8DC /* libWeChatSDK.a */; };
		CF82EC8420EF1AC300CCE8DC /* TencentOpenAPI.framework in Frameworks */ = {isa = PBXBuildFile; fileRef = CF82EC2B20EF1AC300CCE8DC /* TencentOpenAPI.framework */; };
		CF82EC8520EF1AC300CCE8DC /* ShareSDKConnector.framework in Frameworks */ = {isa = PBXBuildFile; fileRef = CF82EC2D20EF1AC300CCE8DC /* ShareSDKConnector.framework */; };
		CF82EC8620EF1AC300CCE8DC /* ShareSDK.bundle in Resources */ = {isa = PBXBuildFile; fileRef = CF82EC2E20EF1AC300CCE8DC /* ShareSDK.bundle */; };
		CF82EC8720EF1AC300CCE8DC /* ShareSDKUI.bundle in Resources */ = {isa = PBXBuildFile; fileRef = CF82EC3020EF1AC300CCE8DC /* ShareSDKUI.bundle */; };
		CF82EC8820EF1AC300CCE8DC /* ShareSDKConfigFile.framework in Frameworks */ = {isa = PBXBuildFile; fileRef = CF82EC3120EF1AC300CCE8DC /* ShareSDKConfigFile.framework */; };
		CF82EC8920EF1AC300CCE8DC /* ShareSDKExtension.framework in Frameworks */ = {isa = PBXBuildFile; fileRef = CF82EC3220EF1AC300CCE8DC /* ShareSDKExtension.framework */; };
		CF82EC8A20EF1AC300CCE8DC /* ShareSDKUI.framework in Frameworks */ = {isa = PBXBuildFile; fileRef = CF82EC3320EF1AC300CCE8DC /* ShareSDKUI.framework */; };
		CF82EC8B20EF1AC300CCE8DC /* ShareSDKConfigFile.bundle in Resources */ = {isa = PBXBuildFile; fileRef = CF82EC3420EF1AC300CCE8DC /* ShareSDKConfigFile.bundle */; };
		CF82EC8C20EF1AC300CCE8DC /* QQConnector.framework in Frameworks */ = {isa = PBXBuildFile; fileRef = CF82EC3620EF1AC300CCE8DC /* QQConnector.framework */; };
		CF82EC8D20EF1AC300CCE8DC /* WechatConnector.framework in Frameworks */ = {isa = PBXBuildFile; fileRef = CF82EC3720EF1AC300CCE8DC /* WechatConnector.framework */; };
		CF82EC8E20EF1AC300CCE8DC /* SinaWeiboConnector.framework in Frameworks */ = {isa = PBXBuildFile; fileRef = CF82EC3820EF1AC300CCE8DC /* SinaWeiboConnector.framework */; };
		CF82EC8F20EF1AC300CCE8DC /* ShareSDK.framework in Frameworks */ = {isa = PBXBuildFile; fileRef = CF82EC3920EF1AC300CCE8DC /* ShareSDK.framework */; };
		CF82EC9020EF1AC300CCE8DC /* MOBFoundation.framework in Frameworks */ = {isa = PBXBuildFile; fileRef = CF82EC3B20EF1AC300CCE8DC /* MOBFoundation.framework */; };
		CF82EC9120EF1AC300CCE8DC /* AnalySDK.framework in Frameworks */ = {isa = PBXBuildFile; fileRef = CF82EC3D20EF1AC300CCE8DC /* AnalySDK.framework */; };
		CF82EC9220EF1AC300CCE8DC /* UIView+DDGShot.swift in Sources */ = {isa = PBXBuildFile; fileRef = CF82EC3F20EF1AC300CCE8DC /* UIView+DDGShot.swift */; };
		CF82EC9320EF1AC300CCE8DC /* UIScrollView+DDGShot.swift in Sources */ = {isa = PBXBuildFile; fileRef = CF82EC4020EF1AC300CCE8DC /* UIScrollView+DDGShot.swift */; };
		CF82EC9420EF1AC300CCE8DC /* UIImage+DDGManage.swift in Sources */ = {isa = PBXBuildFile; fileRef = CF82EC4120EF1AC300CCE8DC /* UIImage+DDGManage.swift */; };
		CF82EC9520EF1AC300CCE8DC /* WKWebView+DDGShot.swift in Sources */ = {isa = PBXBuildFile; fileRef = CF82EC4220EF1AC300CCE8DC /* WKWebView+DDGShot.swift */; };
		CF863B1420EB539900EA6FAD /* UIBarButtonItem+BBExtension.m in Sources */ = {isa = PBXBuildFile; fileRef = CF863B1320EB539900EA6FAD /* UIBarButtonItem+BBExtension.m */; };
		CF863B1820EB53AD00EA6FAD /* UIImage+BBExtension.m in Sources */ = {isa = PBXBuildFile; fileRef = CF863B1620EB53AD00EA6FAD /* UIImage+BBExtension.m */; };
		CF94726B20F88AB600C665C3 /* BBNewsChildController.swift in Sources */ = {isa = PBXBuildFile; fileRef = CF94726A20F88AB600C665C3 /* BBNewsChildController.swift */; };
		CFAA87D820FC2F27009EF95D /* BBNewsChildOnePicCell.swift in Sources */ = {isa = PBXBuildFile; fileRef = CFAA87D620FC2F27009EF95D /* BBNewsChildOnePicCell.swift */; };
		CFAA87D920FC2F27009EF95D /* BBNewsChildOnePicCell.xib in Resources */ = {isa = PBXBuildFile; fileRef = CFAA87D720FC2F27009EF95D /* BBNewsChildOnePicCell.xib */; };
		CFACE81020FC419700849B4C /* BBNewsChildListModel.swift in Sources */ = {isa = PBXBuildFile; fileRef = CFACE80F20FC419700849B4C /* BBNewsChildListModel.swift */; };
		CFACE81320FC695C00849B4C /* BBNewsChildMorePicCell.swift in Sources */ = {isa = PBXBuildFile; fileRef = CFACE81120FC695C00849B4C /* BBNewsChildMorePicCell.swift */; };
		CFACE81420FC695C00849B4C /* BBNewsChildMorePicCell.xib in Resources */ = {isa = PBXBuildFile; fileRef = CFACE81220FC695C00849B4C /* BBNewsChildMorePicCell.xib */; };
		CFACE81E20FCA1C400849B4C /* BBRefresh.swift in Sources */ = {isa = PBXBuildFile; fileRef = CFACE81D20FCA1C400849B4C /* BBRefresh.swift */; };
		CFBC5C3820FD768F001C5BE8 /* BBNewsDetailController.swift in Sources */ = {isa = PBXBuildFile; fileRef = CFBC5C3720FD768F001C5BE8 /* BBNewsDetailController.swift */; };
		CFBC5C3B20FDB84F001C5BE8 /* BBNewsDetailModel.swift in Sources */ = {isa = PBXBuildFile; fileRef = CFBC5C3A20FDB84F001C5BE8 /* BBNewsDetailModel.swift */; };
		CFBC5C4020FDCA9B001C5BE8 /* BBNewsDetailHeaderView.swift in Sources */ = {isa = PBXBuildFile; fileRef = CFBC5C3F20FDCA9B001C5BE8 /* BBNewsDetailHeaderView.swift */; };
		CFD46B0520E1CF240066FC85 /* BBThirdPropert.swift in Sources */ = {isa = PBXBuildFile; fileRef = CFD46B0420E1CF240066FC85 /* BBThirdPropert.swift */; };
		CFD46B0720E1D1560066FC85 /* BBNetworkTool.swift in Sources */ = {isa = PBXBuildFile; fileRef = CFD46B0620E1D1560066FC85 /* BBNetworkTool.swift */; };
		CFD46B1420E1D2D20066FC85 /* BBHomeViewController.swift in Sources */ = {isa = PBXBuildFile; fileRef = CFD46B0C20E1D2D20066FC85 /* BBHomeViewController.swift */; };
		CFD46B1520E1D2D20066FC85 /* BBHomeCollectionHeaderView.swift in Sources */ = {isa = PBXBuildFile; fileRef = CFD46B0F20E1D2D20066FC85 /* BBHomeCollectionHeaderView.swift */; };
		CFD46B1620E1D2D20066FC85 /* BBHomeCollectionCell.xib in Resources */ = {isa = PBXBuildFile; fileRef = CFD46B1020E1D2D20066FC85 /* BBHomeCollectionCell.xib */; };
		CFD46B1720E1D2D20066FC85 /* BBHomeIndexTableViewCell.swift in Sources */ = {isa = PBXBuildFile; fileRef = CFD46B1120E1D2D20066FC85 /* BBHomeIndexTableViewCell.swift */; };
		CFD46B1820E1D2D20066FC85 /* BBHomeCollectionCell.swift in Sources */ = {isa = PBXBuildFile; fileRef = CFD46B1220E1D2D20066FC85 /* BBHomeCollectionCell.swift */; };
		CFD46B1920E1D2D20066FC85 /* BBHomeCollectionHeaderView.xib in Resources */ = {isa = PBXBuildFile; fileRef = CFD46B1320E1D2D20066FC85 /* BBHomeCollectionHeaderView.xib */; };
		CFD46B1B20E1D5A40066FC85 /* BBHomeIndexModel.swift in Sources */ = {isa = PBXBuildFile; fileRef = CFD46B1A20E1D5A40066FC85 /* BBHomeIndexModel.swift */; };
		CFD46B2120E1DCD20066FC85 /* BBHomeIndexDataProvider.swift in Sources */ = {isa = PBXBuildFile; fileRef = CFD46B2020E1DCD20066FC85 /* BBHomeIndexDataProvider.swift */; };
		CFD46B2320E20C4B0066FC85 /* BBHomeIndexPresenter.swift in Sources */ = {isa = PBXBuildFile; fileRef = CFD46B2220E20C4B0066FC85 /* BBHomeIndexPresenter.swift */; };
		CFD46B2920E242730066FC85 /* TSaveFiles.swift in Sources */ = {isa = PBXBuildFile; fileRef = CFD46B2820E242730066FC85 /* TSaveFiles.swift */; };
		CFD46B2B20E242A40066FC85 /* THUD.swift in Sources */ = {isa = PBXBuildFile; fileRef = CFD46B2A20E242A40066FC85 /* THUD.swift */; };
		CFD7E65A20EF0BE8002178AA /* BBNewsViewController.swift in Sources */ = {isa = PBXBuildFile; fileRef = CFD7E65920EF0BE8002178AA /* BBNewsViewController.swift */; };
		CFD7E65D20EF0E48002178AA /* BBUserViewController.swift in Sources */ = {isa = PBXBuildFile; fileRef = CFD7E65C20EF0E48002178AA /* BBUserViewController.swift */; };
/* End PBXBuildFile section */

/* Begin PBXFileReference section */
		0EA20511D5BA2603910E0452 /* Pods-BBAccountantTool.debug.xcconfig */ = {isa = PBXFileReference; includeInIndex = 1; lastKnownFileType = text.xcconfig; name = "Pods-BBAccountantTool.debug.xcconfig"; path = "Pods/Target Support Files/Pods-BBAccountantTool/Pods-BBAccountantTool.debug.xcconfig"; sourceTree = "<group>"; };
		173B82BF1D61A857E846E2A9 /* Pods-BBAccountantTool.release.xcconfig */ = {isa = PBXFileReference; includeInIndex = 1; lastKnownFileType = text.xcconfig; name = "Pods-BBAccountantTool.release.xcconfig"; path = "Pods/Target Support Files/Pods-BBAccountantTool/Pods-BBAccountantTool.release.xcconfig"; sourceTree = "<group>"; };
		8226914B9A2253FFC9840E82 /* Pods_BBAccountantTool.framework */ = {isa = PBXFileReference; explicitFileType = wrapper.framework; includeInIndex = 0; path = Pods_BBAccountantTool.framework; sourceTree = BUILT_PRODUCTS_DIR; };
		CF0B9BEB20F7253B00D42009 /* BBNewsIndexDataProvider.swift */ = {isa = PBXFileReference; fileEncoding = 4; lastKnownFileType = sourcecode.swift; path = BBNewsIndexDataProvider.swift; sourceTree = "<group>"; };
		CF0B9BED20F7286C00D42009 /* BBNewsIndexTitleModel.swift */ = {isa = PBXFileReference; lastKnownFileType = sourcecode.swift; path = BBNewsIndexTitleModel.swift; sourceTree = "<group>"; };
		CF0B9BF020F73D4300D42009 /* UIColor+Extension.swift */ = {isa = PBXFileReference; lastKnownFileType = sourcecode.swift; path = "UIColor+Extension.swift"; sourceTree = "<group>"; };
		CF1A84BF20F899B900E9CE0B /* UIButton+SGPagingView.h */ = {isa = PBXFileReference; fileEncoding = 4; lastKnownFileType = sourcecode.c.h; path = "UIButton+SGPagingView.h"; sourceTree = "<group>"; };
		CF1A84C020F899B900E9CE0B /* NSString+SGPagingView.h */ = {isa = PBXFileReference; fileEncoding = 4; lastKnownFileType = sourcecode.c.h; path = "NSString+SGPagingView.h"; sourceTree = "<group>"; };
		CF1A84C120F899B900E9CE0B /* UIView+SGPagingView.h */ = {isa = PBXFileReference; fileEncoding = 4; lastKnownFileType = sourcecode.c.h; path = "UIView+SGPagingView.h"; sourceTree = "<group>"; };
		CF1A84C220F899B900E9CE0B /* NSString+SGPagingView.m */ = {isa = PBXFileReference; fileEncoding = 4; lastKnownFileType = sourcecode.c.objc; path = "NSString+SGPagingView.m"; sourceTree = "<group>"; };
		CF1A84C320F899B900E9CE0B /* UIButton+SGPagingView.m */ = {isa = PBXFileReference; fileEncoding = 4; lastKnownFileType = sourcecode.c.objc; path = "UIButton+SGPagingView.m"; sourceTree = "<group>"; };
		CF1A84C420F899B900E9CE0B /* UIView+SGPagingView.m */ = {isa = PBXFileReference; fileEncoding = 4; lastKnownFileType = sourcecode.c.objc; path = "UIView+SGPagingView.m"; sourceTree = "<group>"; };
		CF1A84C620F899B900E9CE0B /* SGPageContentScrollView.m */ = {isa = PBXFileReference; fileEncoding = 4; lastKnownFileType = sourcecode.c.objc; path = SGPageContentScrollView.m; sourceTree = "<group>"; };
		CF1A84C720F899B900E9CE0B /* SGPageContentCollectionView.h */ = {isa = PBXFileReference; fileEncoding = 4; lastKnownFileType = sourcecode.c.h; path = SGPageContentCollectionView.h; sourceTree = "<group>"; };
		CF1A84C820F899B900E9CE0B /* SGPageContentScrollView.h */ = {isa = PBXFileReference; fileEncoding = 4; lastKnownFileType = sourcecode.c.h; path = SGPageContentScrollView.h; sourceTree = "<group>"; };
		CF1A84C920F899B900E9CE0B /* SGPageContentCollectionView.m */ = {isa = PBXFileReference; fileEncoding = 4; lastKnownFileType = sourcecode.c.objc; path = SGPageContentCollectionView.m; sourceTree = "<group>"; };
		CF1A84CB20F899B900E9CE0B /* SGPageTitleView.m */ = {isa = PBXFileReference; fileEncoding = 4; lastKnownFileType = sourcecode.c.objc; path = SGPageTitleView.m; sourceTree = "<group>"; };
		CF1A84CC20F899B900E9CE0B /* SGPageTitleViewConfigure.m */ = {isa = PBXFileReference; fileEncoding = 4; lastKnownFileType = sourcecode.c.objc; path = SGPageTitleViewConfigure.m; sourceTree = "<group>"; };
		CF1A84CD20F899B900E9CE0B /* SGPageTitleViewConfigure.h */ = {isa = PBXFileReference; fileEncoding = 4; lastKnownFileType = sourcecode.c.h; path = SGPageTitleViewConfigure.h; sourceTree = "<group>"; };
		CF1A84CE20F899B900E9CE0B /* SGPageTitleView.h */ = {isa = PBXFileReference; fileEncoding = 4; lastKnownFileType = sourcecode.c.h; path = SGPageTitleView.h; sourceTree = "<group>"; };
		CF1A84CF20F899B900E9CE0B /* SGPagingView.h */ = {isa = PBXFileReference; fileEncoding = 4; lastKnownFileType = sourcecode.c.h; path = SGPagingView.h; sourceTree = "<group>"; };
		CF1B5BCB20E3775400DE77DD /* BBHomeWebController.swift */ = {isa = PBXFileReference; lastKnownFileType = sourcecode.swift; path = BBHomeWebController.swift; sourceTree = "<group>"; };
		CF4E730020E610F2005487BB /* WBComposeTypeView.swift */ = {isa = PBXFileReference; fileEncoding = 4; lastKnownFileType = sourcecode.swift; path = WBComposeTypeView.swift; sourceTree = "<group>"; };
		CF4E730120E610F3005487BB /* WBComposeTypeButton.xib */ = {isa = PBXFileReference; fileEncoding = 4; lastKnownFileType = file.xib; path = WBComposeTypeButton.xib; sourceTree = "<group>"; };
		CF4E730220E610F3005487BB /* WBComposeTypeButton.swift */ = {isa = PBXFileReference; fileEncoding = 4; lastKnownFileType = sourcecode.swift; path = WBComposeTypeButton.swift; sourceTree = "<group>"; };
		CF4E730320E610F3005487BB /* WBComposeTypeView.xib */ = {isa = PBXFileReference; fileEncoding = 4; lastKnownFileType = file.xib; path = WBComposeTypeView.xib; sourceTree = "<group>"; };
		CF4E732620E61EC7005487BB /* BBShareView.swift */ = {isa = PBXFileReference; lastKnownFileType = sourcecode.swift; path = BBShareView.swift; sourceTree = "<group>"; };
		CF4E732820E61ED7005487BB /* BBShareView.xib */ = {isa = PBXFileReference; lastKnownFileType = file.xib; path = BBShareView.xib; sourceTree = "<group>"; };
		CF51C08320D88CD10024E971 /* BBAccountantTool.app */ = {isa = PBXFileReference; explicitFileType = wrapper.application; includeInIndex = 0; path = BBAccountantTool.app; sourceTree = BUILT_PRODUCTS_DIR; };
		CF51C08D20D88CD20024E971 /* Assets.xcassets */ = {isa = PBXFileReference; lastKnownFileType = folder.assetcatalog; path = Assets.xcassets; sourceTree = "<group>"; };
		CF51C09020D88CD20024E971 /* Base */ = {isa = PBXFileReference; lastKnownFileType = file.storyboard; name = Base; path = Base.lproj/LaunchScreen.storyboard; sourceTree = "<group>"; };
		CF51C09220D88CD20024E971 /* Info.plist */ = {isa = PBXFileReference; lastKnownFileType = text.plist.xml; path = Info.plist; sourceTree = "<group>"; };
		CF51C0A120D893A10024E971 /* BBGestureBaseController.swift */ = {isa = PBXFileReference; fileEncoding = 4; lastKnownFileType = sourcecode.swift; path = BBGestureBaseController.swift; sourceTree = "<group>"; };
		CF51C0A220D893A10024E971 /* BBGestureBackConst.swift */ = {isa = PBXFileReference; fileEncoding = 4; lastKnownFileType = sourcecode.swift; path = BBGestureBackConst.swift; sourceTree = "<group>"; };
		CF51C0A620D893A10024E971 /* BBNavigationController.swift */ = {isa = PBXFileReference; fileEncoding = 4; lastKnownFileType = sourcecode.swift; path = BBNavigationController.swift; sourceTree = "<group>"; };
		CF51C0A820D893A10024E971 /* BBTabBarController.swift */ = {isa = PBXFileReference; fileEncoding = 4; lastKnownFileType = sourcecode.swift; path = BBTabBarController.swift; sourceTree = "<group>"; };
		CF51C0B120D897530024E971 /* BBConst.swift */ = {isa = PBXFileReference; fileEncoding = 4; lastKnownFileType = sourcecode.swift; path = BBConst.swift; sourceTree = "<group>"; };
		CF69AAD520DB9AA700B5BCC7 /* AppDelegate.swift */ = {isa = PBXFileReference; fileEncoding = 4; lastKnownFileType = sourcecode.swift; path = AppDelegate.swift; sourceTree = "<group>"; };
		CF69AAD720DB9ABA00B5BCC7 /* BBAccountantTool-Bridging-Header.h */ = {isa = PBXFileReference; lastKnownFileType = sourcecode.c.h; path = "BBAccountantTool-Bridging-Header.h"; sourceTree = "<group>"; };
		CF69AADF20DB9B6600B5BCC7 /* UIButton+ImageTitleSpacing.h */ = {isa = PBXFileReference; fileEncoding = 4; lastKnownFileType = sourcecode.c.h; path = "UIButton+ImageTitleSpacing.h"; sourceTree = "<group>"; };
		CF69AAE020DB9B6600B5BCC7 /* UIButton+ImageTitleSpacing.m */ = {isa = PBXFileReference; fileEncoding = 4; lastKnownFileType = sourcecode.c.objc; path = "UIButton+ImageTitleSpacing.m"; sourceTree = "<group>"; };
		CF69AAE220DB9B6600B5BCC7 /* UIView+Extension.swift */ = {isa = PBXFileReference; fileEncoding = 4; lastKnownFileType = sourcecode.swift; path = "UIView+Extension.swift"; sourceTree = "<group>"; };
		CF6E85F320EF61DB009FE443 /* String+Extension.swift */ = {isa = PBXFileReference; lastKnownFileType = sourcecode.swift; path = "String+Extension.swift"; sourceTree = "<group>"; };
		CF71A82120EC5646001F0738 /* libicucore.tbd */ = {isa = PBXFileReference; lastKnownFileType = "sourcecode.text-based-dylib-definition"; name = libicucore.tbd; path = usr/lib/libicucore.tbd; sourceTree = SDKROOT; };
		CF71A82320EC5656001F0738 /* libz.tbd */ = {isa = PBXFileReference; lastKnownFileType = "sourcecode.text-based-dylib-definition"; name = libz.tbd; path = usr/lib/libz.tbd; sourceTree = SDKROOT; };
		CF71A82520EC5668001F0738 /* libstdc++.tbd */ = {isa = PBXFileReference; lastKnownFileType = "sourcecode.text-based-dylib-definition"; name = "libstdc++.tbd"; path = "usr/lib/libstdc++.tbd"; sourceTree = SDKROOT; };
		CF71A82720EC5675001F0738 /* JavaScriptCore.framework */ = {isa = PBXFileReference; lastKnownFileType = wrapper.framework; name = JavaScriptCore.framework; path = System/Library/Frameworks/JavaScriptCore.framework; sourceTree = SDKROOT; };
		CF71A82920EC569E001F0738 /* ImageIO.framework */ = {isa = PBXFileReference; lastKnownFileType = wrapper.framework; name = ImageIO.framework; path = System/Library/Frameworks/ImageIO.framework; sourceTree = SDKROOT; };
		CF71A82B20EC56A9001F0738 /* libsqlite3.tbd */ = {isa = PBXFileReference; lastKnownFileType = "sourcecode.text-based-dylib-definition"; name = libsqlite3.tbd; path = usr/lib/libsqlite3.tbd; sourceTree = SDKROOT; };
		CF71A82D20EC56B6001F0738 /* Photos.framework */ = {isa = PBXFileReference; lastKnownFileType = wrapper.framework; name = Photos.framework; path = System/Library/Frameworks/Photos.framework; sourceTree = SDKROOT; };
		CF75EA7520E4BC2A00147F3E /* MBProgressHUD+Extension.h */ = {isa = PBXFileReference; lastKnownFileType = sourcecode.c.h; path = "MBProgressHUD+Extension.h"; sourceTree = "<group>"; };
		CF75EA7620E4BC2A00147F3E /* MBProgressHUD+Extension.m */ = {isa = PBXFileReference; lastKnownFileType = sourcecode.c.objc; path = "MBProgressHUD+Extension.m"; sourceTree = "<group>"; };
		CF82EBED20EF1AC300CCE8DC /* UIScrollView+MJRefresh.m */ = {isa = PBXFileReference; fileEncoding = 4; lastKnownFileType = sourcecode.c.objc; path = "UIScrollView+MJRefresh.m"; sourceTree = "<group>"; };
		CF82EBEE20EF1AC300CCE8DC /* MJRefreshConst.m */ = {isa = PBXFileReference; fileEncoding = 4; lastKnownFileType = sourcecode.c.objc; path = MJRefreshConst.m; sourceTree = "<group>"; };
		CF82EBEF20EF1AC300CCE8DC /* UIScrollView+MJExtension.h */ = {isa = PBXFileReference; fileEncoding = 4; lastKnownFileType = sourcecode.c.h; path = "UIScrollView+MJExtension.h"; sourceTree = "<group>"; };
		CF82EBF020EF1AC300CCE8DC /* MJRefresh.h */ = {isa = PBXFileReference; fileEncoding = 4; lastKnownFileType = sourcecode.c.h; path = MJRefresh.h; sourceTree = "<group>"; };
		CF82EBF120EF1AC300CCE8DC /* NSBundle+MJRefresh.h */ = {isa = PBXFileReference; fileEncoding = 4; lastKnownFileType = sourcecode.c.h; path = "NSBundle+MJRefresh.h"; sourceTree = "<group>"; };
		CF82EBF220EF1AC300CCE8DC /* MJRefresh.bundle */ = {isa = PBXFileReference; lastKnownFileType = "wrapper.plug-in"; path = MJRefresh.bundle; sourceTree = "<group>"; };
		CF82EBF320EF1AC300CCE8DC /* UIView+MJExtension.h */ = {isa = PBXFileReference; fileEncoding = 4; lastKnownFileType = sourcecode.c.h; path = "UIView+MJExtension.h"; sourceTree = "<group>"; };
		CF82EBF420EF1AC300CCE8DC /* UIScrollView+MJExtension.m */ = {isa = PBXFileReference; fileEncoding = 4; lastKnownFileType = sourcecode.c.objc; path = "UIScrollView+MJExtension.m"; sourceTree = "<group>"; };
		CF82EBF520EF1AC300CCE8DC /* MJRefreshConst.h */ = {isa = PBXFileReference; fileEncoding = 4; lastKnownFileType = sourcecode.c.h; path = MJRefreshConst.h; sourceTree = "<group>"; };
		CF82EBF620EF1AC300CCE8DC /* UIScrollView+MJRefresh.h */ = {isa = PBXFileReference; fileEncoding = 4; lastKnownFileType = sourcecode.c.h; path = "UIScrollView+MJRefresh.h"; sourceTree = "<group>"; };
		CF82EBF720EF1AC300CCE8DC /* NSBundle+MJRefresh.m */ = {isa = PBXFileReference; fileEncoding = 4; lastKnownFileType = sourcecode.c.objc; path = "NSBundle+MJRefresh.m"; sourceTree = "<group>"; };
		CF82EBF820EF1AC300CCE8DC /* UIView+MJExtension.m */ = {isa = PBXFileReference; fileEncoding = 4; lastKnownFileType = sourcecode.c.objc; path = "UIView+MJExtension.m"; sourceTree = "<group>"; };
		CF82EBFC20EF1AC300CCE8DC /* MJRefreshBackGifFooter.h */ = {isa = PBXFileReference; fileEncoding = 4; lastKnownFileType = sourcecode.c.h; path = MJRefreshBackGifFooter.h; sourceTree = "<group>"; };
		CF82EBFD20EF1AC300CCE8DC /* MJRefreshBackStateFooter.h */ = {isa = PBXFileReference; fileEncoding = 4; lastKnownFileType = sourcecode.c.h; path = MJRefreshBackStateFooter.h; sourceTree = "<group>"; };
		CF82EBFE20EF1AC300CCE8DC /* MJRefreshBackNormalFooter.h */ = {isa = PBXFileReference; fileEncoding = 4; lastKnownFileType = sourcecode.c.h; path = MJRefreshBackNormalFooter.h; sourceTree = "<group>"; };
		CF82EBFF20EF1AC300CCE8DC /* MJRefreshBackGifFooter.m */ = {isa = PBXFileReference; fileEncoding = 4; lastKnownFileType = sourcecode.c.objc; path = MJRefreshBackGifFooter.m; sourceTree = "<group>"; };
		CF82EC0020EF1AC300CCE8DC /* MJRefreshBackStateFooter.m */ = {isa = PBXFileReference; fileEncoding = 4; lastKnownFileType = sourcecode.c.objc; path = MJRefreshBackStateFooter.m; sourceTree = "<group>"; };
		CF82EC0120EF1AC300CCE8DC /* MJRefreshBackNormalFooter.m */ = {isa = PBXFileReference; fileEncoding = 4; lastKnownFileType = sourcecode.c.objc; path = MJRefreshBackNormalFooter.m; sourceTree = "<group>"; };
		CF82EC0320EF1AC300CCE8DC /* MJRefreshAutoStateFooter.h */ = {isa = PBXFileReference; fileEncoding = 4; lastKnownFileType = sourcecode.c.h; path = MJRefreshAutoStateFooter.h; sourceTree = "<group>"; };
		CF82EC0420EF1AC300CCE8DC /* MJRefreshAutoNormalFooter.h */ = {isa = PBXFileReference; fileEncoding = 4; lastKnownFileType = sourcecode.c.h; path = MJRefreshAutoNormalFooter.h; sourceTree = "<group>"; };
		CF82EC0520EF1AC300CCE8DC /* MJRefreshAutoGifFooter.h */ = {isa = PBXFileReference; fileEncoding = 4; lastKnownFileType = sourcecode.c.h; path = MJRefreshAutoGifFooter.h; sourceTree = "<group>"; };
		CF82EC0620EF1AC300CCE8DC /* MJRefreshAutoStateFooter.m */ = {isa = PBXFileReference; fileEncoding = 4; lastKnownFileType = sourcecode.c.objc; path = MJRefreshAutoStateFooter.m; sourceTree = "<group>"; };
		CF82EC0720EF1AC300CCE8DC /* MJRefreshAutoGifFooter.m */ = {isa = PBXFileReference; fileEncoding = 4; lastKnownFileType = sourcecode.c.objc; path = MJRefreshAutoGifFooter.m; sourceTree = "<group>"; };
		CF82EC0820EF1AC300CCE8DC /* MJRefreshAutoNormalFooter.m */ = {isa = PBXFileReference; fileEncoding = 4; lastKnownFileType = sourcecode.c.objc; path = MJRefreshAutoNormalFooter.m; sourceTree = "<group>"; };
		CF82EC0A20EF1AC300CCE8DC /* MJRefreshNormalHeader.m */ = {isa = PBXFileReference; fileEncoding = 4; lastKnownFileType = sourcecode.c.objc; path = MJRefreshNormalHeader.m; sourceTree = "<group>"; };
		CF82EC0B20EF1AC300CCE8DC /* MJRefreshStateHeader.h */ = {isa = PBXFileReference; fileEncoding = 4; lastKnownFileType = sourcecode.c.h; path = MJRefreshStateHeader.h; sourceTree = "<group>"; };
		CF82EC0C20EF1AC300CCE8DC /* MJRefreshGifHeader.h */ = {isa = PBXFileReference; fileEncoding = 4; lastKnownFileType = sourcecode.c.h; path = MJRefreshGifHeader.h; sourceTree = "<group>"; };
		CF82EC0D20EF1AC300CCE8DC /* MJRefreshNormalHeader.h */ = {isa = PBXFileReference; fileEncoding = 4; lastKnownFileType = sourcecode.c.h; path = MJRefreshNormalHeader.h; sourceTree = "<group>"; };
		CF82EC0E20EF1AC300CCE8DC /* MJRefreshStateHeader.m */ = {isa = PBXFileReference; fileEncoding = 4; lastKnownFileType = sourcecode.c.objc; path = MJRefreshStateHeader.m; sourceTree = "<group>"; };
		CF82EC0F20EF1AC300CCE8DC /* MJRefreshGifHeader.m */ = {isa = PBXFileReference; fileEncoding = 4; lastKnownFileType = sourcecode.c.objc; path = MJRefreshGifHeader.m; sourceTree = "<group>"; };
		CF82EC1120EF1AC300CCE8DC /* MJRefreshFooter.m */ = {isa = PBXFileReference; fileEncoding = 4; lastKnownFileType = sourcecode.c.objc; path = MJRefreshFooter.m; sourceTree = "<group>"; };
		CF82EC1220EF1AC300CCE8DC /* MJRefreshComponent.h */ = {isa = PBXFileReference; fileEncoding = 4; lastKnownFileType = sourcecode.c.h; path = MJRefreshComponent.h; sourceTree = "<group>"; };
		CF82EC1320EF1AC300CCE8DC /* MJRefreshHeader.m */ = {isa = PBXFileReference; fileEncoding = 4; lastKnownFileType = sourcecode.c.objc; path = MJRefreshHeader.m; sourceTree = "<group>"; };
		CF82EC1420EF1AC300CCE8DC /* MJRefreshAutoFooter.h */ = {isa = PBXFileReference; fileEncoding = 4; lastKnownFileType = sourcecode.c.h; path = MJRefreshAutoFooter.h; sourceTree = "<group>"; };
		CF82EC1520EF1AC300CCE8DC /* MJRefreshBackFooter.m */ = {isa = PBXFileReference; fileEncoding = 4; lastKnownFileType = sourcecode.c.objc; path = MJRefreshBackFooter.m; sourceTree = "<group>"; };
		CF82EC1620EF1AC300CCE8DC /* MJRefreshAutoFooter.m */ = {isa = PBXFileReference; fileEncoding = 4; lastKnownFileType = sourcecode.c.objc; path = MJRefreshAutoFooter.m; sourceTree = "<group>"; };
		CF82EC1720EF1AC300CCE8DC /* MJRefreshHeader.h */ = {isa = PBXFileReference; fileEncoding = 4; lastKnownFileType = sourcecode.c.h; path = MJRefreshHeader.h; sourceTree = "<group>"; };
		CF82EC1820EF1AC300CCE8DC /* MJRefreshComponent.m */ = {isa = PBXFileReference; fileEncoding = 4; lastKnownFileType = sourcecode.c.objc; path = MJRefreshComponent.m; sourceTree = "<group>"; };
		CF82EC1920EF1AC300CCE8DC /* MJRefreshFooter.h */ = {isa = PBXFileReference; fileEncoding = 4; lastKnownFileType = sourcecode.c.h; path = MJRefreshFooter.h; sourceTree = "<group>"; };
		CF82EC1A20EF1AC300CCE8DC /* MJRefreshBackFooter.h */ = {isa = PBXFileReference; fileEncoding = 4; lastKnownFileType = sourcecode.c.h; path = MJRefreshBackFooter.h; sourceTree = "<group>"; };
		CF82EC2020EF1AC300CCE8DC /* WeiboSDK.bundle */ = {isa = PBXFileReference; lastKnownFileType = "wrapper.plug-in"; path = WeiboSDK.bundle; sourceTree = "<group>"; };
		CF82EC2120EF1AC300CCE8DC /* libWeiboSDK.a */ = {isa = PBXFileReference; lastKnownFileType = archive.ar; path = libWeiboSDK.a; sourceTree = "<group>"; };
		CF82EC2220EF1AC300CCE8DC /* WBHttpRequest.h */ = {isa = PBXFileReference; fileEncoding = 4; lastKnownFileType = sourcecode.c.h; path = WBHttpRequest.h; sourceTree = "<group>"; };
		CF82EC2320EF1AC300CCE8DC /* WeiboSDK.h */ = {isa = PBXFileReference; fileEncoding = 4; lastKnownFileType = sourcecode.c.h; path = WeiboSDK.h; sourceTree = "<group>"; };
		CF82EC2520EF1AC300CCE8DC /* WXApi.h */ = {isa = PBXFileReference; fileEncoding = 4; lastKnownFileType = sourcecode.c.h; path = WXApi.h; sourceTree = "<group>"; };
		CF82EC2620EF1AC300CCE8DC /* WXApiObject.h */ = {isa = PBXFileReference; fileEncoding = 4; lastKnownFileType = sourcecode.c.h; path = WXApiObject.h; sourceTree = "<group>"; };
		CF82EC2720EF1AC300CCE8DC /* README.txt */ = {isa = PBXFileReference; fileEncoding = 4; lastKnownFileType = text; path = README.txt; sourceTree = "<group>"; };
		CF82EC2820EF1AC300CCE8DC /* WechatAuthSDK.h */ = {isa = PBXFileReference; fileEncoding = 4; lastKnownFileType = sourcecode.c.h; path = WechatAuthSDK.h; sourceTree = "<group>"; };
		CF82EC2920EF1AC300CCE8DC /* libWeChatSDK.a */ = {isa = PBXFileReference; lastKnownFileType = archive.ar; path = libWeChatSDK.a; sourceTree = "<group>"; };
		CF82EC2B20EF1AC300CCE8DC /* TencentOpenAPI.framework */ = {isa = PBXFileReference; lastKnownFileType = wrapper.framework; path = TencentOpenAPI.framework; sourceTree = "<group>"; };
		CF82EC2D20EF1AC300CCE8DC /* ShareSDKConnector.framework */ = {isa = PBXFileReference; lastKnownFileType = wrapper.framework; path = ShareSDKConnector.framework; sourceTree = "<group>"; };
		CF82EC2E20EF1AC300CCE8DC /* ShareSDK.bundle */ = {isa = PBXFileReference; lastKnownFileType = "wrapper.plug-in"; path = ShareSDK.bundle; sourceTree = "<group>"; };
		CF82EC3020EF1AC300CCE8DC /* ShareSDKUI.bundle */ = {isa = PBXFileReference; lastKnownFileType = "wrapper.plug-in"; path = ShareSDKUI.bundle; sourceTree = "<group>"; };
		CF82EC3120EF1AC300CCE8DC /* ShareSDKConfigFile.framework */ = {isa = PBXFileReference; lastKnownFileType = wrapper.framework; path = ShareSDKConfigFile.framework; sourceTree = "<group>"; };
		CF82EC3220EF1AC300CCE8DC /* ShareSDKExtension.framework */ = {isa = PBXFileReference; lastKnownFileType = wrapper.framework; path = ShareSDKExtension.framework; sourceTree = "<group>"; };
		CF82EC3320EF1AC300CCE8DC /* ShareSDKUI.framework */ = {isa = PBXFileReference; lastKnownFileType = wrapper.framework; path = ShareSDKUI.framework; sourceTree = "<group>"; };
		CF82EC3420EF1AC300CCE8DC /* ShareSDKConfigFile.bundle */ = {isa = PBXFileReference; lastKnownFileType = "wrapper.plug-in"; path = ShareSDKConfigFile.bundle; sourceTree = "<group>"; };
		CF82EC3620EF1AC300CCE8DC /* QQConnector.framework */ = {isa = PBXFileReference; lastKnownFileType = wrapper.framework; path = QQConnector.framework; sourceTree = "<group>"; };
		CF82EC3720EF1AC300CCE8DC /* WechatConnector.framework */ = {isa = PBXFileReference; lastKnownFileType = wrapper.framework; path = WechatConnector.framework; sourceTree = "<group>"; };
		CF82EC3820EF1AC300CCE8DC /* SinaWeiboConnector.framework */ = {isa = PBXFileReference; lastKnownFileType = wrapper.framework; path = SinaWeiboConnector.framework; sourceTree = "<group>"; };
		CF82EC3920EF1AC300CCE8DC /* ShareSDK.framework */ = {isa = PBXFileReference; lastKnownFileType = wrapper.framework; path = ShareSDK.framework; sourceTree = "<group>"; };
		CF82EC3B20EF1AC300CCE8DC /* MOBFoundation.framework */ = {isa = PBXFileReference; lastKnownFileType = wrapper.framework; path = MOBFoundation.framework; sourceTree = "<group>"; };
		CF82EC3D20EF1AC300CCE8DC /* AnalySDK.framework */ = {isa = PBXFileReference; lastKnownFileType = wrapper.framework; path = AnalySDK.framework; sourceTree = "<group>"; };
		CF82EC3F20EF1AC300CCE8DC /* UIView+DDGShot.swift */ = {isa = PBXFileReference; fileEncoding = 4; lastKnownFileType = sourcecode.swift; path = "UIView+DDGShot.swift"; sourceTree = "<group>"; };
		CF82EC4020EF1AC300CCE8DC /* UIScrollView+DDGShot.swift */ = {isa = PBXFileReference; fileEncoding = 4; lastKnownFileType = sourcecode.swift; path = "UIScrollView+DDGShot.swift"; sourceTree = "<group>"; };
		CF82EC4120EF1AC300CCE8DC /* UIImage+DDGManage.swift */ = {isa = PBXFileReference; fileEncoding = 4; lastKnownFileType = sourcecode.swift; path = "UIImage+DDGManage.swift"; sourceTree = "<group>"; };
		CF82EC4220EF1AC300CCE8DC /* WKWebView+DDGShot.swift */ = {isa = PBXFileReference; fileEncoding = 4; lastKnownFileType = sourcecode.swift; path = "WKWebView+DDGShot.swift"; sourceTree = "<group>"; };
		CF863B1220EB539900EA6FAD /* UIBarButtonItem+BBExtension.h */ = {isa = PBXFileReference; fileEncoding = 4; lastKnownFileType = sourcecode.c.h; path = "UIBarButtonItem+BBExtension.h"; sourceTree = "<group>"; };
		CF863B1320EB539900EA6FAD /* UIBarButtonItem+BBExtension.m */ = {isa = PBXFileReference; fileEncoding = 4; lastKnownFileType = sourcecode.c.objc; path = "UIBarButtonItem+BBExtension.m"; sourceTree = "<group>"; };
		CF863B1620EB53AD00EA6FAD /* UIImage+BBExtension.m */ = {isa = PBXFileReference; fileEncoding = 4; lastKnownFileType = sourcecode.c.objc; path = "UIImage+BBExtension.m"; sourceTree = "<group>"; };
		CF863B1720EB53AD00EA6FAD /* UIImage+BBExtension.h */ = {isa = PBXFileReference; fileEncoding = 4; lastKnownFileType = sourcecode.c.h; path = "UIImage+BBExtension.h"; sourceTree = "<group>"; };
		CF94726A20F88AB600C665C3 /* BBNewsChildController.swift */ = {isa = PBXFileReference; lastKnownFileType = sourcecode.swift; path = BBNewsChildController.swift; sourceTree = "<group>"; };
		CFAA87D620FC2F27009EF95D /* BBNewsChildOnePicCell.swift */ = {isa = PBXFileReference; lastKnownFileType = sourcecode.swift; path = BBNewsChildOnePicCell.swift; sourceTree = "<group>"; };
		CFAA87D720FC2F27009EF95D /* BBNewsChildOnePicCell.xib */ = {isa = PBXFileReference; lastKnownFileType = file.xib; path = BBNewsChildOnePicCell.xib; sourceTree = "<group>"; };
		CFACE80F20FC419700849B4C /* BBNewsChildListModel.swift */ = {isa = PBXFileReference; lastKnownFileType = sourcecode.swift; path = BBNewsChildListModel.swift; sourceTree = "<group>"; };
		CFACE81120FC695C00849B4C /* BBNewsChildMorePicCell.swift */ = {isa = PBXFileReference; lastKnownFileType = sourcecode.swift; path = BBNewsChildMorePicCell.swift; sourceTree = "<group>"; };
		CFACE81220FC695C00849B4C /* BBNewsChildMorePicCell.xib */ = {isa = PBXFileReference; lastKnownFileType = file.xib; path = BBNewsChildMorePicCell.xib; sourceTree = "<group>"; };
		CFACE81D20FCA1C400849B4C /* BBRefresh.swift */ = {isa = PBXFileReference; fileEncoding = 4; lastKnownFileType = sourcecode.swift; path = BBRefresh.swift; sourceTree = "<group>"; };
		CFBC5C3720FD768F001C5BE8 /* BBNewsDetailController.swift */ = {isa = PBXFileReference; lastKnownFileType = sourcecode.swift; path = BBNewsDetailController.swift; sourceTree = "<group>"; };
		CFBC5C3A20FDB84F001C5BE8 /* BBNewsDetailModel.swift */ = {isa = PBXFileReference; lastKnownFileType = sourcecode.swift; path = BBNewsDetailModel.swift; sourceTree = "<group>"; };
		CFBC5C3F20FDCA9B001C5BE8 /* BBNewsDetailHeaderView.swift */ = {isa = PBXFileReference; lastKnownFileType = sourcecode.swift; path = BBNewsDetailHeaderView.swift; sourceTree = "<group>"; };
		CFD46B0420E1CF240066FC85 /* BBThirdPropert.swift */ = {isa = PBXFileReference; lastKnownFileType = sourcecode.swift; path = BBThirdPropert.swift; sourceTree = "<group>"; };
		CFD46B0620E1D1560066FC85 /* BBNetworkTool.swift */ = {isa = PBXFileReference; lastKnownFileType = sourcecode.swift; path = BBNetworkTool.swift; sourceTree = "<group>"; };
		CFD46B0C20E1D2D20066FC85 /* BBHomeViewController.swift */ = {isa = PBXFileReference; fileEncoding = 4; lastKnownFileType = sourcecode.swift; path = BBHomeViewController.swift; sourceTree = "<group>"; };
		CFD46B0F20E1D2D20066FC85 /* BBHomeCollectionHeaderView.swift */ = {isa = PBXFileReference; fileEncoding = 4; lastKnownFileType = sourcecode.swift; path = BBHomeCollectionHeaderView.swift; sourceTree = "<group>"; };
		CFD46B1020E1D2D20066FC85 /* BBHomeCollectionCell.xib */ = {isa = PBXFileReference; fileEncoding = 4; lastKnownFileType = file.xib; path = BBHomeCollectionCell.xib; sourceTree = "<group>"; };
		CFD46B1120E1D2D20066FC85 /* BBHomeIndexTableViewCell.swift */ = {isa = PBXFileReference; fileEncoding = 4; lastKnownFileType = sourcecode.swift; path = BBHomeIndexTableViewCell.swift; sourceTree = "<group>"; };
		CFD46B1220E1D2D20066FC85 /* BBHomeCollectionCell.swift */ = {isa = PBXFileReference; fileEncoding = 4; lastKnownFileType = sourcecode.swift; path = BBHomeCollectionCell.swift; sourceTree = "<group>"; };
		CFD46B1320E1D2D20066FC85 /* BBHomeCollectionHeaderView.xib */ = {isa = PBXFileReference; fileEncoding = 4; lastKnownFileType = file.xib; path = BBHomeCollectionHeaderView.xib; sourceTree = "<group>"; };
		CFD46B1A20E1D5A40066FC85 /* BBHomeIndexModel.swift */ = {isa = PBXFileReference; lastKnownFileType = sourcecode.swift; path = BBHomeIndexModel.swift; sourceTree = "<group>"; };
		CFD46B2020E1DCD20066FC85 /* BBHomeIndexDataProvider.swift */ = {isa = PBXFileReference; lastKnownFileType = sourcecode.swift; path = BBHomeIndexDataProvider.swift; sourceTree = "<group>"; };
		CFD46B2220E20C4B0066FC85 /* BBHomeIndexPresenter.swift */ = {isa = PBXFileReference; lastKnownFileType = sourcecode.swift; path = BBHomeIndexPresenter.swift; sourceTree = "<group>"; };
		CFD46B2820E242730066FC85 /* TSaveFiles.swift */ = {isa = PBXFileReference; fileEncoding = 4; lastKnownFileType = sourcecode.swift; path = TSaveFiles.swift; sourceTree = "<group>"; };
		CFD46B2A20E242A40066FC85 /* THUD.swift */ = {isa = PBXFileReference; fileEncoding = 4; lastKnownFileType = sourcecode.swift; path = THUD.swift; sourceTree = "<group>"; };
		CFD7E65920EF0BE8002178AA /* BBNewsViewController.swift */ = {isa = PBXFileReference; lastKnownFileType = sourcecode.swift; path = BBNewsViewController.swift; sourceTree = "<group>"; };
		CFD7E65C20EF0E48002178AA /* BBUserViewController.swift */ = {isa = PBXFileReference; lastKnownFileType = sourcecode.swift; path = BBUserViewController.swift; sourceTree = "<group>"; };
/* End PBXFileReference section */

/* Begin PBXFrameworksBuildPhase section */
		CF51C08020D88CD10024E971 /* Frameworks */ = {
			isa = PBXFrameworksBuildPhase;
			buildActionMask = 2147483647;
			files = (
				CF71A82E20EC56B6001F0738 /* Photos.framework in Frameworks */,
				CF82EC8D20EF1AC300CCE8DC /* WechatConnector.framework in Frameworks */,
				CF71A82C20EC56A9001F0738 /* libsqlite3.tbd in Frameworks */,
				CF71A82A20EC569E001F0738 /* ImageIO.framework in Frameworks */,
				CF71A82820EC5675001F0738 /* JavaScriptCore.framework in Frameworks */,
				CF82EC9120EF1AC300CCE8DC /* AnalySDK.framework in Frameworks */,
				CF82EC8820EF1AC300CCE8DC /* ShareSDKConfigFile.framework in Frameworks */,
				CF82EC8320EF1AC300CCE8DC /* libWeChatSDK.a in Frameworks */,
				CF82EC8120EF1AC300CCE8DC /* libWeiboSDK.a in Frameworks */,
				CF71A82620EC5668001F0738 /* libstdc++.tbd in Frameworks */,
				CF82EC8520EF1AC300CCE8DC /* ShareSDKConnector.framework in Frameworks */,
				CF71A82420EC5656001F0738 /* libz.tbd in Frameworks */,
				CF82EC8A20EF1AC300CCE8DC /* ShareSDKUI.framework in Frameworks */,
				CF82EC9020EF1AC300CCE8DC /* MOBFoundation.framework in Frameworks */,
				CF82EC8420EF1AC300CCE8DC /* TencentOpenAPI.framework in Frameworks */,
				CF82EC8920EF1AC300CCE8DC /* ShareSDKExtension.framework in Frameworks */,
				CF71A82220EC5646001F0738 /* libicucore.tbd in Frameworks */,
				CF82EC8C20EF1AC300CCE8DC /* QQConnector.framework in Frameworks */,
				CF82EC8E20EF1AC300CCE8DC /* SinaWeiboConnector.framework in Frameworks */,
				CF82EC8F20EF1AC300CCE8DC /* ShareSDK.framework in Frameworks */,
				76C1D1B7B4DF39DB7A1A2966 /* Pods_BBAccountantTool.framework in Frameworks */,
			);
			runOnlyForDeploymentPostprocessing = 0;
		};
/* End PBXFrameworksBuildPhase section */

/* Begin PBXGroup section */
		113AA821600B1FF742EA4D55 /* Pods */ = {
			isa = PBXGroup;
			children = (
				0EA20511D5BA2603910E0452 /* Pods-BBAccountantTool.debug.xcconfig */,
				173B82BF1D61A857E846E2A9 /* Pods-BBAccountantTool.release.xcconfig */,
			);
			name = Pods;
			sourceTree = "<group>";
		};
		726D5C5F03A26519FB2E6FF6 /* Frameworks */ = {
			isa = PBXGroup;
			children = (
				CF71A82D20EC56B6001F0738 /* Photos.framework */,
				CF71A82B20EC56A9001F0738 /* libsqlite3.tbd */,
				CF71A82920EC569E001F0738 /* ImageIO.framework */,
				CF71A82720EC5675001F0738 /* JavaScriptCore.framework */,
				CF71A82520EC5668001F0738 /* libstdc++.tbd */,
				CF71A82320EC5656001F0738 /* libz.tbd */,
				CF71A82120EC5646001F0738 /* libicucore.tbd */,
				8226914B9A2253FFC9840E82 /* Pods_BBAccountantTool.framework */,
			);
			name = Frameworks;
			sourceTree = "<group>";
		};
		CF0B9BE820F724E100D42009 /* Model */ = {
			isa = PBXGroup;
			children = (
				CF0B9BED20F7286C00D42009 /* BBNewsIndexTitleModel.swift */,
				CFACE80F20FC419700849B4C /* BBNewsChildListModel.swift */,
			);
			path = Model;
			sourceTree = "<group>";
		};
		CF0B9BE920F724E100D42009 /* View */ = {
			isa = PBXGroup;
			children = (
				CFAA87D620FC2F27009EF95D /* BBNewsChildOnePicCell.swift */,
				CFAA87D720FC2F27009EF95D /* BBNewsChildOnePicCell.xib */,
				CFACE81120FC695C00849B4C /* BBNewsChildMorePicCell.swift */,
				CFACE81220FC695C00849B4C /* BBNewsChildMorePicCell.xib */,
			);
			path = View;
			sourceTree = "<group>";
		};
		CF0B9BEA20F724E100D42009 /* DataProvider */ = {
			isa = PBXGroup;
			children = (
				CF0B9BEB20F7253B00D42009 /* BBNewsIndexDataProvider.swift */,
			);
			path = DataProvider;
			sourceTree = "<group>";
		};
		CF0B9BEF20F73D1F00D42009 /* UIColor+Extension */ = {
			isa = PBXGroup;
			children = (
				CF0B9BF020F73D4300D42009 /* UIColor+Extension.swift */,
			);
			path = "UIColor+Extension";
			sourceTree = "<group>";
		};
		CF1A84BD20F899B900E9CE0B /* SGPagingView */ = {
			isa = PBXGroup;
			children = (
				CF1A84BE20F899B900E9CE0B /* Category */,
				CF1A84C520F899B900E9CE0B /* SGPageContent */,
				CF1A84CA20F899B900E9CE0B /* SGPageTitle */,
				CF1A84CF20F899B900E9CE0B /* SGPagingView.h */,
			);
			path = SGPagingView;
			sourceTree = "<group>";
		};
		CF1A84BE20F899B900E9CE0B /* Category */ = {
			isa = PBXGroup;
			children = (
				CF1A84BF20F899B900E9CE0B /* UIButton+SGPagingView.h */,
				CF1A84C020F899B900E9CE0B /* NSString+SGPagingView.h */,
				CF1A84C120F899B900E9CE0B /* UIView+SGPagingView.h */,
				CF1A84C220F899B900E9CE0B /* NSString+SGPagingView.m */,
				CF1A84C320F899B900E9CE0B /* UIButton+SGPagingView.m */,
				CF1A84C420F899B900E9CE0B /* UIView+SGPagingView.m */,
			);
			path = Category;
			sourceTree = "<group>";
		};
		CF1A84C520F899B900E9CE0B /* SGPageContent */ = {
			isa = PBXGroup;
			children = (
				CF1A84C820F899B900E9CE0B /* SGPageContentScrollView.h */,
				CF1A84C620F899B900E9CE0B /* SGPageContentScrollView.m */,
				CF1A84C720F899B900E9CE0B /* SGPageContentCollectionView.h */,
				CF1A84C920F899B900E9CE0B /* SGPageContentCollectionView.m */,
			);
			path = SGPageContent;
			sourceTree = "<group>";
		};
		CF1A84CA20F899B900E9CE0B /* SGPageTitle */ = {
			isa = PBXGroup;
			children = (
				CF1A84CD20F899B900E9CE0B /* SGPageTitleViewConfigure.h */,
				CF1A84CC20F899B900E9CE0B /* SGPageTitleViewConfigure.m */,
				CF1A84CE20F899B900E9CE0B /* SGPageTitleView.h */,
				CF1A84CB20F899B900E9CE0B /* SGPageTitleView.m */,
			);
			path = SGPageTitle;
			sourceTree = "<group>";
		};
		CF1B5BC920E3773100DE77DD /* Web */ = {
			isa = PBXGroup;
			children = (
				CF1B5BCA20E3773100DE77DD /* Controller */,
				CF4E72FF20E60BC2005487BB /* View */,
			);
			path = Web;
			sourceTree = "<group>";
		};
		CF1B5BCA20E3773100DE77DD /* Controller */ = {
			isa = PBXGroup;
			children = (
				CF1B5BCB20E3775400DE77DD /* BBHomeWebController.swift */,
			);
			path = Controller;
			sourceTree = "<group>";
		};
		CF4E72FF20E60BC2005487BB /* View */ = {
			isa = PBXGroup;
			children = (
				CF4E730220E610F3005487BB /* WBComposeTypeButton.swift */,
				CF4E730120E610F3005487BB /* WBComposeTypeButton.xib */,
				CF4E730020E610F2005487BB /* WBComposeTypeView.swift */,
				CF4E730320E610F3005487BB /* WBComposeTypeView.xib */,
				CF4E732620E61EC7005487BB /* BBShareView.swift */,
				CF4E732820E61ED7005487BB /* BBShareView.xib */,
			);
			path = View;
			sourceTree = "<group>";
		};
		CF51C07A20D88CD10024E971 = {
			isa = PBXGroup;
			children = (
				CF51C08520D88CD10024E971 /* BBAccountantTool */,
				CF51C08420D88CD10024E971 /* Products */,
				113AA821600B1FF742EA4D55 /* Pods */,
				726D5C5F03A26519FB2E6FF6 /* Frameworks */,
			);
			sourceTree = "<group>";
		};
		CF51C08420D88CD10024E971 /* Products */ = {
			isa = PBXGroup;
			children = (
				CF51C08320D88CD10024E971 /* BBAccountantTool.app */,
			);
			name = Products;
			sourceTree = "<group>";
		};
		CF51C08520D88CD10024E971 /* BBAccountantTool */ = {
			isa = PBXGroup;
			children = (
				CF51C09820D893A10024E971 /* Classes */,
				CF51C08D20D88CD20024E971 /* Assets.xcassets */,
				CF51C08F20D88CD20024E971 /* LaunchScreen.storyboard */,
				CF51C09220D88CD20024E971 /* Info.plist */,
			);
			path = BBAccountantTool;
			sourceTree = "<group>";
		};
		CF51C09820D893A10024E971 /* Classes */ = {
			isa = PBXGroup;
			children = (
				CF51C09920D893A10024E971 /* Home */,
				CFD7E65420EF0B8E002178AA /* News */,
				CFD7E65620EF0BA9002178AA /* User */,
				CF51C09D20D893A10024E971 /* Tools */,
				CF51C09E20D893A10024E971 /* Other */,
				CF51C09F20D893A10024E971 /* Main */,
			);
			path = Classes;
			sourceTree = "<group>";
		};
		CF51C09920D893A10024E971 /* Home */ = {
			isa = PBXGroup;
			children = (
				CF1B5BC920E3773100DE77DD /* Web */,
				CFD46B0820E1D2D20066FC85 /* Index */,
			);
			path = Home;
			sourceTree = "<group>";
		};
		CF51C09D20D893A10024E971 /* Tools */ = {
			isa = PBXGroup;
			children = (
				CFD46B2820E242730066FC85 /* TSaveFiles.swift */,
				CFD46B0620E1D1560066FC85 /* BBNetworkTool.swift */,
				CFD46B2A20E242A40066FC85 /* THUD.swift */,
			);
			path = Tools;
			sourceTree = "<group>";
		};
		CF51C09E20D893A10024E971 /* Other */ = {
			isa = PBXGroup;
			children = (
				CFACE81920FCA18500849B4C /* Custom */,
				CF82EBBD20EF1AC200CCE8DC /* Third */,
				CF69AAD120DB497500B5BCC7 /* Extension */,
				CF51C0B020D897530024E971 /* Const */,
			);
			path = Other;
			sourceTree = "<group>";
		};
		CF51C09F20D893A10024E971 /* Main */ = {
			isa = PBXGroup;
			children = (
				CF69AAD420DB9AA700B5BCC7 /* BBSystem */,
				CF51C0A020D893A10024E971 /* BBGestureBack */,
				CF51C0A520D893A10024E971 /* BBNavigation */,
				CF51C0A720D893A10024E971 /* BBTabBar */,
			);
			path = Main;
			sourceTree = "<group>";
		};
		CF51C0A020D893A10024E971 /* BBGestureBack */ = {
			isa = PBXGroup;
			children = (
				CF51C0A120D893A10024E971 /* BBGestureBaseController.swift */,
				CF51C0A220D893A10024E971 /* BBGestureBackConst.swift */,
			);
			path = BBGestureBack;
			sourceTree = "<group>";
		};
		CF51C0A520D893A10024E971 /* BBNavigation */ = {
			isa = PBXGroup;
			children = (
				CF51C0A620D893A10024E971 /* BBNavigationController.swift */,
			);
			path = BBNavigation;
			sourceTree = "<group>";
		};
		CF51C0A720D893A10024E971 /* BBTabBar */ = {
			isa = PBXGroup;
			children = (
				CF51C0A820D893A10024E971 /* BBTabBarController.swift */,
			);
			path = BBTabBar;
			sourceTree = "<group>";
		};
		CF51C0B020D897530024E971 /* Const */ = {
			isa = PBXGroup;
			children = (
				CF51C0B120D897530024E971 /* BBConst.swift */,
				CFD46B0420E1CF240066FC85 /* BBThirdPropert.swift */,
			);
			path = Const;
			sourceTree = "<group>";
		};
		CF69AAD120DB497500B5BCC7 /* Extension */ = {
			isa = PBXGroup;
			children = (
				CF0B9BEF20F73D1F00D42009 /* UIColor+Extension */,
				CF6E85F220EF61BA009FE443 /* String+Extension */,
				CF863B1520EB53AD00EA6FAD /* UIImage+Extension */,
				CF863B1120EB539900EA6FAD /* UIBarButtonItem+Extension */,
				CF75EA7120E4BB9000147F3E /* MBProgressHUD+Extension */,
				CF69AADE20DB9B6600B5BCC7 /* UIButton+Extension */,
				CF69AAE120DB9B6600B5BCC7 /* UIView+Extension */,
			);
			path = Extension;
			sourceTree = "<group>";
		};
		CF69AAD420DB9AA700B5BCC7 /* BBSystem */ = {
			isa = PBXGroup;
			children = (
				CF69AAD520DB9AA700B5BCC7 /* AppDelegate.swift */,
				CF69AAD720DB9ABA00B5BCC7 /* BBAccountantTool-Bridging-Header.h */,
			);
			path = BBSystem;
			sourceTree = "<group>";
		};
		CF69AADE20DB9B6600B5BCC7 /* UIButton+Extension */ = {
			isa = PBXGroup;
			children = (
				CF69AADF20DB9B6600B5BCC7 /* UIButton+ImageTitleSpacing.h */,
				CF69AAE020DB9B6600B5BCC7 /* UIButton+ImageTitleSpacing.m */,
			);
			path = "UIButton+Extension";
			sourceTree = "<group>";
		};
		CF69AAE120DB9B6600B5BCC7 /* UIView+Extension */ = {
			isa = PBXGroup;
			children = (
				CF69AAE220DB9B6600B5BCC7 /* UIView+Extension.swift */,
			);
			path = "UIView+Extension";
			sourceTree = "<group>";
		};
		CF6E85F220EF61BA009FE443 /* String+Extension */ = {
			isa = PBXGroup;
			children = (
				CF6E85F320EF61DB009FE443 /* String+Extension.swift */,
			);
			path = "String+Extension";
			sourceTree = "<group>";
		};
		CF75EA7120E4BB9000147F3E /* MBProgressHUD+Extension */ = {
			isa = PBXGroup;
			children = (
				CF75EA7520E4BC2A00147F3E /* MBProgressHUD+Extension.h */,
				CF75EA7620E4BC2A00147F3E /* MBProgressHUD+Extension.m */,
			);
			path = "MBProgressHUD+Extension";
			sourceTree = "<group>";
		};
		CF82EBBD20EF1AC200CCE8DC /* Third */ = {
			isa = PBXGroup;
			children = (
				CF1A84BD20F899B900E9CE0B /* SGPagingView */,
				CF82EBEC20EF1AC300CCE8DC /* MJRefresh */,
				CF82EC1B20EF1AC300CCE8DC /* SDK */,
				CF82EC3E20EF1AC300CCE8DC /* DDGScreenShot */,
			);
			path = Third;
			sourceTree = "<group>";
		};
		CF82EBEC20EF1AC300CCE8DC /* MJRefresh */ = {
			isa = PBXGroup;
			children = (
				CF82EBED20EF1AC300CCE8DC /* UIScrollView+MJRefresh.m */,
				CF82EBEE20EF1AC300CCE8DC /* MJRefreshConst.m */,
				CF82EBEF20EF1AC300CCE8DC /* UIScrollView+MJExtension.h */,
				CF82EBF020EF1AC300CCE8DC /* MJRefresh.h */,
				CF82EBF120EF1AC300CCE8DC /* NSBundle+MJRefresh.h */,
				CF82EBF220EF1AC300CCE8DC /* MJRefresh.bundle */,
				CF82EBF320EF1AC300CCE8DC /* UIView+MJExtension.h */,
				CF82EBF420EF1AC300CCE8DC /* UIScrollView+MJExtension.m */,
				CF82EBF520EF1AC300CCE8DC /* MJRefreshConst.h */,
				CF82EBF620EF1AC300CCE8DC /* UIScrollView+MJRefresh.h */,
				CF82EBF720EF1AC300CCE8DC /* NSBundle+MJRefresh.m */,
				CF82EBF820EF1AC300CCE8DC /* UIView+MJExtension.m */,
				CF82EBF920EF1AC300CCE8DC /* Custom */,
				CF82EC1020EF1AC300CCE8DC /* Base */,
			);
			path = MJRefresh;
			sourceTree = "<group>";
		};
		CF82EBF920EF1AC300CCE8DC /* Custom */ = {
			isa = PBXGroup;
			children = (
				CF82EBFA20EF1AC300CCE8DC /* Footer */,
				CF82EC0920EF1AC300CCE8DC /* Header */,
			);
			path = Custom;
			sourceTree = "<group>";
		};
		CF82EBFA20EF1AC300CCE8DC /* Footer */ = {
			isa = PBXGroup;
			children = (
				CF82EBFB20EF1AC300CCE8DC /* Back */,
				CF82EC0220EF1AC300CCE8DC /* Auto */,
			);
			path = Footer;
			sourceTree = "<group>";
		};
		CF82EBFB20EF1AC300CCE8DC /* Back */ = {
			isa = PBXGroup;
			children = (
				CF82EBFC20EF1AC300CCE8DC /* MJRefreshBackGifFooter.h */,
				CF82EBFD20EF1AC300CCE8DC /* MJRefreshBackStateFooter.h */,
				CF82EBFE20EF1AC300CCE8DC /* MJRefreshBackNormalFooter.h */,
				CF82EBFF20EF1AC300CCE8DC /* MJRefreshBackGifFooter.m */,
				CF82EC0020EF1AC300CCE8DC /* MJRefreshBackStateFooter.m */,
				CF82EC0120EF1AC300CCE8DC /* MJRefreshBackNormalFooter.m */,
			);
			path = Back;
			sourceTree = "<group>";
		};
		CF82EC0220EF1AC300CCE8DC /* Auto */ = {
			isa = PBXGroup;
			children = (
				CF82EC0320EF1AC300CCE8DC /* MJRefreshAutoStateFooter.h */,
				CF82EC0420EF1AC300CCE8DC /* MJRefreshAutoNormalFooter.h */,
				CF82EC0520EF1AC300CCE8DC /* MJRefreshAutoGifFooter.h */,
				CF82EC0620EF1AC300CCE8DC /* MJRefreshAutoStateFooter.m */,
				CF82EC0720EF1AC300CCE8DC /* MJRefreshAutoGifFooter.m */,
				CF82EC0820EF1AC300CCE8DC /* MJRefreshAutoNormalFooter.m */,
			);
			path = Auto;
			sourceTree = "<group>";
		};
		CF82EC0920EF1AC300CCE8DC /* Header */ = {
			isa = PBXGroup;
			children = (
				CF82EC0A20EF1AC300CCE8DC /* MJRefreshNormalHeader.m */,
				CF82EC0B20EF1AC300CCE8DC /* MJRefreshStateHeader.h */,
				CF82EC0C20EF1AC300CCE8DC /* MJRefreshGifHeader.h */,
				CF82EC0D20EF1AC300CCE8DC /* MJRefreshNormalHeader.h */,
				CF82EC0E20EF1AC300CCE8DC /* MJRefreshStateHeader.m */,
				CF82EC0F20EF1AC300CCE8DC /* MJRefreshGifHeader.m */,
			);
			path = Header;
			sourceTree = "<group>";
		};
		CF82EC1020EF1AC300CCE8DC /* Base */ = {
			isa = PBXGroup;
			children = (
				CF82EC1120EF1AC300CCE8DC /* MJRefreshFooter.m */,
				CF82EC1220EF1AC300CCE8DC /* MJRefreshComponent.h */,
				CF82EC1320EF1AC300CCE8DC /* MJRefreshHeader.m */,
				CF82EC1420EF1AC300CCE8DC /* MJRefreshAutoFooter.h */,
				CF82EC1520EF1AC300CCE8DC /* MJRefreshBackFooter.m */,
				CF82EC1620EF1AC300CCE8DC /* MJRefreshAutoFooter.m */,
				CF82EC1720EF1AC300CCE8DC /* MJRefreshHeader.h */,
				CF82EC1820EF1AC300CCE8DC /* MJRefreshComponent.m */,
				CF82EC1920EF1AC300CCE8DC /* MJRefreshFooter.h */,
				CF82EC1A20EF1AC300CCE8DC /* MJRefreshBackFooter.h */,
			);
			path = Base;
			sourceTree = "<group>";
		};
		CF82EC1B20EF1AC300CCE8DC /* SDK */ = {
			isa = PBXGroup;
			children = (
				CF82EC1C20EF1AC300CCE8DC /* ShareSDK */,
				CF82EC3A20EF1AC300CCE8DC /* Required */,
				CF82EC3C20EF1AC300CCE8DC /* AnalySDK */,
			);
			path = SDK;
			sourceTree = "<group>";
		};
		CF82EC1C20EF1AC300CCE8DC /* ShareSDK */ = {
			isa = PBXGroup;
			children = (
				CF82EC1D20EF1AC300CCE8DC /* Support */,
				CF82EC3920EF1AC300CCE8DC /* ShareSDK.framework */,
			);
			path = ShareSDK;
			sourceTree = "<group>";
		};
		CF82EC1D20EF1AC300CCE8DC /* Support */ = {
			isa = PBXGroup;
			children = (
				CF82EC1E20EF1AC300CCE8DC /* PlatformSDK */,
				CF82EC2C20EF1AC300CCE8DC /* Required */,
				CF82EC2F20EF1AC300CCE8DC /* Optional */,
				CF82EC3520EF1AC300CCE8DC /* PlatformConnector */,
			);
			path = Support;
			sourceTree = "<group>";
		};
		CF82EC1E20EF1AC300CCE8DC /* PlatformSDK */ = {
			isa = PBXGroup;
			children = (
				CF82EC1F20EF1AC300CCE8DC /* SinaWeiboSDK */,
				CF82EC2420EF1AC300CCE8DC /* WeChatSDK */,
				CF82EC2A20EF1AC300CCE8DC /* QQSDK */,
			);
			path = PlatformSDK;
			sourceTree = "<group>";
		};
		CF82EC1F20EF1AC300CCE8DC /* SinaWeiboSDK */ = {
			isa = PBXGroup;
			children = (
				CF82EC2020EF1AC300CCE8DC /* WeiboSDK.bundle */,
				CF82EC2120EF1AC300CCE8DC /* libWeiboSDK.a */,
				CF82EC2220EF1AC300CCE8DC /* WBHttpRequest.h */,
				CF82EC2320EF1AC300CCE8DC /* WeiboSDK.h */,
			);
			path = SinaWeiboSDK;
			sourceTree = "<group>";
		};
		CF82EC2420EF1AC300CCE8DC /* WeChatSDK */ = {
			isa = PBXGroup;
			children = (
				CF82EC2520EF1AC300CCE8DC /* WXApi.h */,
				CF82EC2620EF1AC300CCE8DC /* WXApiObject.h */,
				CF82EC2720EF1AC300CCE8DC /* README.txt */,
				CF82EC2820EF1AC300CCE8DC /* WechatAuthSDK.h */,
				CF82EC2920EF1AC300CCE8DC /* libWeChatSDK.a */,
			);
			path = WeChatSDK;
			sourceTree = "<group>";
		};
		CF82EC2A20EF1AC300CCE8DC /* QQSDK */ = {
			isa = PBXGroup;
			children = (
				CF82EC2B20EF1AC300CCE8DC /* TencentOpenAPI.framework */,
			);
			path = QQSDK;
			sourceTree = "<group>";
		};
		CF82EC2C20EF1AC300CCE8DC /* Required */ = {
			isa = PBXGroup;
			children = (
				CF82EC2D20EF1AC300CCE8DC /* ShareSDKConnector.framework */,
				CF82EC2E20EF1AC300CCE8DC /* ShareSDK.bundle */,
			);
			path = Required;
			sourceTree = "<group>";
		};
		CF82EC2F20EF1AC300CCE8DC /* Optional */ = {
			isa = PBXGroup;
			children = (
				CF82EC3020EF1AC300CCE8DC /* ShareSDKUI.bundle */,
				CF82EC3120EF1AC300CCE8DC /* ShareSDKConfigFile.framework */,
				CF82EC3220EF1AC300CCE8DC /* ShareSDKExtension.framework */,
				CF82EC3320EF1AC300CCE8DC /* ShareSDKUI.framework */,
				CF82EC3420EF1AC300CCE8DC /* ShareSDKConfigFile.bundle */,
			);
			path = Optional;
			sourceTree = "<group>";
		};
		CF82EC3520EF1AC300CCE8DC /* PlatformConnector */ = {
			isa = PBXGroup;
			children = (
				CF82EC3620EF1AC300CCE8DC /* QQConnector.framework */,
				CF82EC3720EF1AC300CCE8DC /* WechatConnector.framework */,
				CF82EC3820EF1AC300CCE8DC /* SinaWeiboConnector.framework */,
			);
			path = PlatformConnector;
			sourceTree = "<group>";
		};
		CF82EC3A20EF1AC300CCE8DC /* Required */ = {
			isa = PBXGroup;
			children = (
				CF82EC3B20EF1AC300CCE8DC /* MOBFoundation.framework */,
			);
			path = Required;
			sourceTree = "<group>";
		};
		CF82EC3C20EF1AC300CCE8DC /* AnalySDK */ = {
			isa = PBXGroup;
			children = (
				CF82EC3D20EF1AC300CCE8DC /* AnalySDK.framework */,
			);
			path = AnalySDK;
			sourceTree = "<group>";
		};
		CF82EC3E20EF1AC300CCE8DC /* DDGScreenShot */ = {
			isa = PBXGroup;
			children = (
				CF82EC3F20EF1AC300CCE8DC /* UIView+DDGShot.swift */,
				CF82EC4020EF1AC300CCE8DC /* UIScrollView+DDGShot.swift */,
				CF82EC4120EF1AC300CCE8DC /* UIImage+DDGManage.swift */,
				CF82EC4220EF1AC300CCE8DC /* WKWebView+DDGShot.swift */,
			);
			path = DDGScreenShot;
			sourceTree = "<group>";
		};
		CF863B1120EB539900EA6FAD /* UIBarButtonItem+Extension */ = {
			isa = PBXGroup;
			children = (
				CF863B1220EB539900EA6FAD /* UIBarButtonItem+BBExtension.h */,
				CF863B1320EB539900EA6FAD /* UIBarButtonItem+BBExtension.m */,
			);
			path = "UIBarButtonItem+Extension";
			sourceTree = "<group>";
		};
		CF863B1520EB53AD00EA6FAD /* UIImage+Extension */ = {
			isa = PBXGroup;
			children = (
				CF863B1620EB53AD00EA6FAD /* UIImage+BBExtension.m */,
				CF863B1720EB53AD00EA6FAD /* UIImage+BBExtension.h */,
			);
			path = "UIImage+Extension";
			sourceTree = "<group>";
		};
		CFACE81920FCA18500849B4C /* Custom */ = {
			isa = PBXGroup;
			children = (
				CFACE81A20FCA1AB00849B4C /* BBRefresh */,
			);
			path = Custom;
			sourceTree = "<group>";
		};
		CFACE81A20FCA1AB00849B4C /* BBRefresh */ = {
			isa = PBXGroup;
			children = (
				CFACE81D20FCA1C400849B4C /* BBRefresh.swift */,
			);
			path = BBRefresh;
			sourceTree = "<group>";
		};
		CFBC5C3520FD765A001C5BE8 /* Details */ = {
			isa = PBXGroup;
			children = (
				CFBC5C3C20FDBD7C001C5BE8 /* view */,
				CFBC5C3920FDB824001C5BE8 /* Model */,
				CFBC5C3620FD766B001C5BE8 /* Controller */,
			);
			path = Details;
			sourceTree = "<group>";
		};
		CFBC5C3620FD766B001C5BE8 /* Controller */ = {
			isa = PBXGroup;
			children = (
				CFBC5C3720FD768F001C5BE8 /* BBNewsDetailController.swift */,
			);
			path = Controller;
			sourceTree = "<group>";
		};
		CFBC5C3920FDB824001C5BE8 /* Model */ = {
			isa = PBXGroup;
			children = (
				CFBC5C3A20FDB84F001C5BE8 /* BBNewsDetailModel.swift */,
			);
			path = Model;
			sourceTree = "<group>";
		};
		CFBC5C3C20FDBD7C001C5BE8 /* view */ = {
			isa = PBXGroup;
			children = (
				CFBC5C3F20FDCA9B001C5BE8 /* BBNewsDetailHeaderView.swift */,
			);
			path = view;
			sourceTree = "<group>";
		};
		CFD46B0820E1D2D20066FC85 /* Index */ = {
			isa = PBXGroup;
			children = (
				CFD46B0920E1D2D20066FC85 /* Presenter */,
				CFD46B0A20E1D2D20066FC85 /* DataProvider */,
				CFD46B0B20E1D2D20066FC85 /* Controller */,
				CFD46B0D20E1D2D20066FC85 /* Model */,
				CFD46B0E20E1D2D20066FC85 /* View */,
			);
			path = Index;
			sourceTree = "<group>";
		};
		CFD46B0920E1D2D20066FC85 /* Presenter */ = {
			isa = PBXGroup;
			children = (
				CFD46B2220E20C4B0066FC85 /* BBHomeIndexPresenter.swift */,
			);
			path = Presenter;
			sourceTree = "<group>";
		};
		CFD46B0A20E1D2D20066FC85 /* DataProvider */ = {
			isa = PBXGroup;
			children = (
				CFD46B2020E1DCD20066FC85 /* BBHomeIndexDataProvider.swift */,
			);
			path = DataProvider;
			sourceTree = "<group>";
		};
		CFD46B0B20E1D2D20066FC85 /* Controller */ = {
			isa = PBXGroup;
			children = (
				CFD46B0C20E1D2D20066FC85 /* BBHomeViewController.swift */,
			);
			path = Controller;
			sourceTree = "<group>";
		};
		CFD46B0D20E1D2D20066FC85 /* Model */ = {
			isa = PBXGroup;
			children = (
				CFD46B1A20E1D5A40066FC85 /* BBHomeIndexModel.swift */,
			);
			path = Model;
			sourceTree = "<group>";
		};
		CFD46B0E20E1D2D20066FC85 /* View */ = {
			isa = PBXGroup;
			children = (
				CFD46B1120E1D2D20066FC85 /* BBHomeIndexTableViewCell.swift */,
				CFD46B1220E1D2D20066FC85 /* BBHomeCollectionCell.swift */,
				CFD46B1020E1D2D20066FC85 /* BBHomeCollectionCell.xib */,
				CFD46B0F20E1D2D20066FC85 /* BBHomeCollectionHeaderView.swift */,
				CFD46B1320E1D2D20066FC85 /* BBHomeCollectionHeaderView.xib */,
			);
			path = View;
			sourceTree = "<group>";
		};
		CFD7E65420EF0B8E002178AA /* News */ = {
			isa = PBXGroup;
			children = (
				CFBC5C3520FD765A001C5BE8 /* Details */,
				CFD7E65520EF0B8E002178AA /* Index */,
			);
			path = News;
			sourceTree = "<group>";
		};
		CFD7E65520EF0B8E002178AA /* Index */ = {
			isa = PBXGroup;
			children = (
				CF0B9BEA20F724E100D42009 /* DataProvider */,
				CF0B9BE820F724E100D42009 /* Model */,
				CF0B9BE920F724E100D42009 /* View */,
				CFD7E65820EF0BC7002178AA /* Controller */,
			);
			path = Index;
			sourceTree = "<group>";
		};
		CFD7E65620EF0BA9002178AA /* User */ = {
			isa = PBXGroup;
			children = (
				CFD7E65720EF0BA9002178AA /* Index */,
			);
			path = User;
			sourceTree = "<group>";
		};
		CFD7E65720EF0BA9002178AA /* Index */ = {
			isa = PBXGroup;
			children = (
				CFD7E65B20EF0E3D002178AA /* Controller */,
			);
			path = Index;
			sourceTree = "<group>";
		};
		CFD7E65820EF0BC7002178AA /* Controller */ = {
			isa = PBXGroup;
			children = (
				CFD7E65920EF0BE8002178AA /* BBNewsViewController.swift */,
				CF94726A20F88AB600C665C3 /* BBNewsChildController.swift */,
			);
			path = Controller;
			sourceTree = "<group>";
		};
		CFD7E65B20EF0E3D002178AA /* Controller */ = {
			isa = PBXGroup;
			children = (
				CFD7E65C20EF0E48002178AA /* BBUserViewController.swift */,
			);
			path = Controller;
			sourceTree = "<group>";
		};
/* End PBXGroup section */

/* Begin PBXNativeTarget section */
		CF51C08220D88CD10024E971 /* BBAccountantTool */ = {
			isa = PBXNativeTarget;
			buildConfigurationList = CF51C09520D88CD20024E971 /* Build configuration list for PBXNativeTarget "BBAccountantTool" */;
			buildPhases = (
				6C38437D6CFBD42BD3438C6D /* [CP] Check Pods Manifest.lock */,
				CF51C07F20D88CD10024E971 /* Sources */,
				CF51C08020D88CD10024E971 /* Frameworks */,
				CF51C08120D88CD10024E971 /* Resources */,
				F7179A29ED1A58574F15D25A /* [CP] Embed Pods Frameworks */,
			);
			buildRules = (
			);
			dependencies = (
			);
			name = BBAccountantTool;
			productName = BBAccountantTool;
			productReference = CF51C08320D88CD10024E971 /* BBAccountantTool.app */;
			productType = "com.apple.product-type.application";
		};
/* End PBXNativeTarget section */

/* Begin PBXProject section */
		CF51C07B20D88CD10024E971 /* Project object */ = {
			isa = PBXProject;
			attributes = {
				CLASSPREFIX = BB;
				LastSwiftUpdateCheck = 0940;
				LastUpgradeCheck = 0940;
				ORGANIZATIONNAME = Bonway;
				TargetAttributes = {
					CF51C08220D88CD10024E971 = {
						CreatedOnToolsVersion = 9.4;
						LastSwiftMigration = 0940;
					};
				};
			};
			buildConfigurationList = CF51C07E20D88CD10024E971 /* Build configuration list for PBXProject "BBAccountantTool" */;
			compatibilityVersion = "Xcode 9.3";
			developmentRegion = en;
			hasScannedForEncodings = 0;
			knownRegions = (
				en,
				Base,
			);
			mainGroup = CF51C07A20D88CD10024E971;
			productRefGroup = CF51C08420D88CD10024E971 /* Products */;
			projectDirPath = "";
			projectRoot = "";
			targets = (
				CF51C08220D88CD10024E971 /* BBAccountantTool */,
			);
		};
/* End PBXProject section */

/* Begin PBXResourcesBuildPhase section */
		CF51C08120D88CD10024E971 /* Resources */ = {
			isa = PBXResourcesBuildPhase;
			buildActionMask = 2147483647;
			files = (
				CFD46B1920E1D2D20066FC85 /* BBHomeCollectionHeaderView.xib in Resources */,
				CFAA87D920FC2F27009EF95D /* BBNewsChildOnePicCell.xib in Resources */,
				CFD46B1620E1D2D20066FC85 /* BBHomeCollectionCell.xib in Resources */,
				CF51C09120D88CD20024E971 /* LaunchScreen.storyboard in Resources */,
				CF82EC8B20EF1AC300CCE8DC /* ShareSDKConfigFile.bundle in Resources */,
				CF51C08E20D88CD20024E971 /* Assets.xcassets in Resources */,
				CFACE81420FC695C00849B4C /* BBNewsChildMorePicCell.xib in Resources */,
				CF82EC8720EF1AC300CCE8DC /* ShareSDKUI.bundle in Resources */,
				CF82EC8620EF1AC300CCE8DC /* ShareSDK.bundle in Resources */,
				CF82EC8220EF1AC300CCE8DC /* README.txt in Resources */,
				CF4E730720E610F3005487BB /* WBComposeTypeView.xib in Resources */,
				CF82EC8020EF1AC300CCE8DC /* WeiboSDK.bundle in Resources */,
				CF4E732920E61ED7005487BB /* BBShareView.xib in Resources */,
				CF82EC6E20EF1AC300CCE8DC /* MJRefresh.bundle in Resources */,
				CF4E730520E610F3005487BB /* WBComposeTypeButton.xib in Resources */,
			);
			runOnlyForDeploymentPostprocessing = 0;
		};
/* End PBXResourcesBuildPhase section */

/* Begin PBXShellScriptBuildPhase section */
		6C38437D6CFBD42BD3438C6D /* [CP] Check Pods Manifest.lock */ = {
			isa = PBXShellScriptBuildPhase;
			buildActionMask = 2147483647;
			files = (
			);
			inputPaths = (
				"${PODS_PODFILE_DIR_PATH}/Podfile.lock",
				"${PODS_ROOT}/Manifest.lock",
			);
			name = "[CP] Check Pods Manifest.lock";
			outputPaths = (
				"$(DERIVED_FILE_DIR)/Pods-BBAccountantTool-checkManifestLockResult.txt",
			);
			runOnlyForDeploymentPostprocessing = 0;
			shellPath = /bin/sh;
			shellScript = "diff \"${PODS_PODFILE_DIR_PATH}/Podfile.lock\" \"${PODS_ROOT}/Manifest.lock\" > /dev/null\nif [ $? != 0 ] ; then\n    # print error to STDERR\n    echo \"error: The sandbox is not in sync with the Podfile.lock. Run 'pod install' or update your CocoaPods installation.\" >&2\n    exit 1\nfi\n# This output is used by Xcode 'outputs' to avoid re-running this script phase.\necho \"SUCCESS\" > \"${SCRIPT_OUTPUT_FILE_0}\"\n";
			showEnvVarsInLog = 0;
		};
		F7179A29ED1A58574F15D25A /* [CP] Embed Pods Frameworks */ = {
			isa = PBXShellScriptBuildPhase;
			buildActionMask = 2147483647;
			files = (
			);
			inputPaths = (
				"${SRCROOT}/Pods/Target Support Files/Pods-BBAccountantTool/Pods-BBAccountantTool-frameworks.sh",
				"${BUILT_PRODUCTS_DIR}/Alamofire/Alamofire.framework",
				"${BUILT_PRODUCTS_DIR}/Kingfisher/Kingfisher.framework",
				"${BUILT_PRODUCTS_DIR}/MBProgressHUD/MBProgressHUD.framework",
				"${BUILT_PRODUCTS_DIR}/Moya/Moya.framework",
				"${BUILT_PRODUCTS_DIR}/Result/Result.framework",
				"${BUILT_PRODUCTS_DIR}/pop/pop.framework",
			);
			name = "[CP] Embed Pods Frameworks";
			outputPaths = (
				"${TARGET_BUILD_DIR}/${FRAMEWORKS_FOLDER_PATH}/Alamofire.framework",
				"${TARGET_BUILD_DIR}/${FRAMEWORKS_FOLDER_PATH}/Kingfisher.framework",
				"${TARGET_BUILD_DIR}/${FRAMEWORKS_FOLDER_PATH}/MBProgressHUD.framework",
				"${TARGET_BUILD_DIR}/${FRAMEWORKS_FOLDER_PATH}/Moya.framework",
				"${TARGET_BUILD_DIR}/${FRAMEWORKS_FOLDER_PATH}/Result.framework",
				"${TARGET_BUILD_DIR}/${FRAMEWORKS_FOLDER_PATH}/pop.framework",
			);
			runOnlyForDeploymentPostprocessing = 0;
			shellPath = /bin/sh;
			shellScript = "\"${SRCROOT}/Pods/Target Support Files/Pods-BBAccountantTool/Pods-BBAccountantTool-frameworks.sh\"\n";
			showEnvVarsInLog = 0;
		};
/* End PBXShellScriptBuildPhase section */

/* Begin PBXSourcesBuildPhase section */
		CF51C07F20D88CD10024E971 /* Sources */ = {
			isa = PBXSourcesBuildPhase;
			buildActionMask = 2147483647;
			files = (
				CFD46B0720E1D1560066FC85 /* BBNetworkTool.swift in Sources */,
				CFBC5C3B20FDB84F001C5BE8 /* BBNewsDetailModel.swift in Sources */,
				CF4E730620E610F3005487BB /* WBComposeTypeButton.swift in Sources */,
				CF82EC9520EF1AC300CCE8DC /* WKWebView+DDGShot.swift in Sources */,
				CF0B9BF120F73D4300D42009 /* UIColor+Extension.swift in Sources */,
				CF82EC7520EF1AC300CCE8DC /* MJRefreshAutoStateFooter.m in Sources */,
				CF4E730420E610F3005487BB /* WBComposeTypeView.swift in Sources */,
				CF75EA7720E4BC2A00147F3E /* MBProgressHUD+Extension.m in Sources */,
				CFD46B1420E1D2D20066FC85 /* BBHomeViewController.swift in Sources */,
				CFACE81E20FCA1C400849B4C /* BBRefresh.swift in Sources */,
				CF82EC9420EF1AC300CCE8DC /* UIImage+DDGManage.swift in Sources */,
				CF82EC6C20EF1AC300CCE8DC /* UIScrollView+MJRefresh.m in Sources */,
				CF4E732720E61EC7005487BB /* BBShareView.swift in Sources */,
				CFACE81020FC419700849B4C /* BBNewsChildListModel.swift in Sources */,
				CF1A84D220F899B900E9CE0B /* UIView+SGPagingView.m in Sources */,
				CF1A84D520F899B900E9CE0B /* SGPageTitleView.m in Sources */,
				CFD7E65A20EF0BE8002178AA /* BBNewsViewController.swift in Sources */,
				CF82EC7A20EF1AC300CCE8DC /* MJRefreshGifHeader.m in Sources */,
				CF82EC7620EF1AC300CCE8DC /* MJRefreshAutoGifFooter.m in Sources */,
				CFBC5C4020FDCA9B001C5BE8 /* BBNewsDetailHeaderView.swift in Sources */,
				CF82EC7820EF1AC300CCE8DC /* MJRefreshNormalHeader.m in Sources */,
				CFD46B2B20E242A40066FC85 /* THUD.swift in Sources */,
				CF0B9BEE20F7286C00D42009 /* BBNewsIndexTitleModel.swift in Sources */,
				CF82EC7220EF1AC300CCE8DC /* MJRefreshBackGifFooter.m in Sources */,
				CFD46B2120E1DCD20066FC85 /* BBHomeIndexDataProvider.swift in Sources */,
				CFD46B1820E1D2D20066FC85 /* BBHomeCollectionCell.swift in Sources */,
				CF69AAE320DB9B6600B5BCC7 /* UIButton+ImageTitleSpacing.m in Sources */,
				CFD46B2320E20C4B0066FC85 /* BBHomeIndexPresenter.swift in Sources */,
				CF1B5BCC20E3775400DE77DD /* BBHomeWebController.swift in Sources */,
				CF1A84D620F899B900E9CE0B /* SGPageTitleViewConfigure.m in Sources */,
				CF82EC7420EF1AC300CCE8DC /* MJRefreshBackNormalFooter.m in Sources */,
				CF82EC7B20EF1AC300CCE8DC /* MJRefreshFooter.m in Sources */,
				CFD46B0520E1CF240066FC85 /* BBThirdPropert.swift in Sources */,
				CFBC5C3820FD768F001C5BE8 /* BBNewsDetailController.swift in Sources */,
				CF1A84D120F899B900E9CE0B /* UIButton+SGPagingView.m in Sources */,
				CF82EC6F20EF1AC300CCE8DC /* UIScrollView+MJExtension.m in Sources */,
				CF69AAD620DB9AA700B5BCC7 /* AppDelegate.swift in Sources */,
				CF82EC7C20EF1AC300CCE8DC /* MJRefreshHeader.m in Sources */,
				CF82EC7020EF1AC300CCE8DC /* NSBundle+MJRefresh.m in Sources */,
				CF1A84D320F899B900E9CE0B /* SGPageContentScrollView.m in Sources */,
				CF82EC9320EF1AC300CCE8DC /* UIScrollView+DDGShot.swift in Sources */,
				CF82EC6D20EF1AC300CCE8DC /* MJRefreshConst.m in Sources */,
				CFD46B1720E1D2D20066FC85 /* BBHomeIndexTableViewCell.swift in Sources */,
				CF863B1420EB539900EA6FAD /* UIBarButtonItem+BBExtension.m in Sources */,
				CF51C0AD20D893A10024E971 /* BBTabBarController.swift in Sources */,
				CF82EC7920EF1AC300CCE8DC /* MJRefreshStateHeader.m in Sources */,
				CF51C0AA20D893A10024E971 /* BBGestureBackConst.swift in Sources */,
				CF82EC9220EF1AC300CCE8DC /* UIView+DDGShot.swift in Sources */,
				CF82EC7E20EF1AC300CCE8DC /* MJRefreshAutoFooter.m in Sources */,
				CF82EC7120EF1AC300CCE8DC /* UIView+MJExtension.m in Sources */,
				CF82EC7D20EF1AC300CCE8DC /* MJRefreshBackFooter.m in Sources */,
				CFD7E65D20EF0E48002178AA /* BBUserViewController.swift in Sources */,
				CF82EC7720EF1AC300CCE8DC /* MJRefreshAutoNormalFooter.m in Sources */,
				CF0B9BEC20F7253B00D42009 /* BBNewsIndexDataProvider.swift in Sources */,
				CF1A84D420F899B900E9CE0B /* SGPageContentCollectionView.m in Sources */,
				CF51C0B220D897530024E971 /* BBConst.swift in Sources */,
				CF82EC7F20EF1AC300CCE8DC /* MJRefreshComponent.m in Sources */,
				CFD46B1520E1D2D20066FC85 /* BBHomeCollectionHeaderView.swift in Sources */,
				CF94726B20F88AB600C665C3 /* BBNewsChildController.swift in Sources */,
				CF69AAE420DB9B6600B5BCC7 /* UIView+Extension.swift in Sources */,
				CF51C0A920D893A10024E971 /* BBGestureBaseController.swift in Sources */,
				CFACE81320FC695C00849B4C /* BBNewsChildMorePicCell.swift in Sources */,
				CFD46B1B20E1D5A40066FC85 /* BBHomeIndexModel.swift in Sources */,
				CFAA87D820FC2F27009EF95D /* BBNewsChildOnePicCell.swift in Sources */,
				CF82EC7320EF1AC300CCE8DC /* MJRefreshBackStateFooter.m in Sources */,
				CF6E85F420EF61DB009FE443 /* String+Extension.swift in Sources */,
				CF51C0AC20D893A10024E971 /* BBNavigationController.swift in Sources */,
				CF863B1820EB53AD00EA6FAD /* UIImage+BBExtension.m in Sources */,
				CFD46B2920E242730066FC85 /* TSaveFiles.swift in Sources */,
				CF1A84D020F899B900E9CE0B /* NSString+SGPagingView.m in Sources */,
			);
			runOnlyForDeploymentPostprocessing = 0;
		};
/* End PBXSourcesBuildPhase section */

/* Begin PBXVariantGroup section */
		CF51C08F20D88CD20024E971 /* LaunchScreen.storyboard */ = {
			isa = PBXVariantGroup;
			children = (
				CF51C09020D88CD20024E971 /* Base */,
			);
			name = LaunchScreen.storyboard;
			sourceTree = "<group>";
		};
/* End PBXVariantGroup section */

/* Begin XCBuildConfiguration section */
		CF51C09320D88CD20024E971 /* Debug */ = {
			isa = XCBuildConfiguration;
			buildSettings = {
				ALWAYS_SEARCH_USER_PATHS = NO;
				CLANG_ANALYZER_NONNULL = YES;
				CLANG_ANALYZER_NUMBER_OBJECT_CONVERSION = YES_AGGRESSIVE;
				CLANG_CXX_LANGUAGE_STANDARD = "gnu++14";
				CLANG_CXX_LIBRARY = "libc++";
				CLANG_ENABLE_MODULES = YES;
				CLANG_ENABLE_OBJC_ARC = YES;
				CLANG_ENABLE_OBJC_WEAK = YES;
				CLANG_WARN_BLOCK_CAPTURE_AUTORELEASING = YES;
				CLANG_WARN_BOOL_CONVERSION = YES;
				CLANG_WARN_COMMA = YES;
				CLANG_WARN_CONSTANT_CONVERSION = YES;
				CLANG_WARN_DEPRECATED_OBJC_IMPLEMENTATIONS = YES;
				CLANG_WARN_DIRECT_OBJC_ISA_USAGE = YES_ERROR;
				CLANG_WARN_DOCUMENTATION_COMMENTS = YES;
				CLANG_WARN_EMPTY_BODY = YES;
				CLANG_WARN_ENUM_CONVERSION = YES;
				CLANG_WARN_INFINITE_RECURSION = YES;
				CLANG_WARN_INT_CONVERSION = YES;
				CLANG_WARN_NON_LITERAL_NULL_CONVERSION = YES;
				CLANG_WARN_OBJC_IMPLICIT_RETAIN_SELF = YES;
				CLANG_WARN_OBJC_LITERAL_CONVERSION = YES;
				CLANG_WARN_OBJC_ROOT_CLASS = YES_ERROR;
				CLANG_WARN_RANGE_LOOP_ANALYSIS = YES;
				CLANG_WARN_STRICT_PROTOTYPES = YES;
				CLANG_WARN_SUSPICIOUS_MOVE = YES;
				CLANG_WARN_UNGUARDED_AVAILABILITY = YES_AGGRESSIVE;
				CLANG_WARN_UNREACHABLE_CODE = YES;
				CLANG_WARN__DUPLICATE_METHOD_MATCH = YES;
				CODE_SIGN_IDENTITY = "iPhone Developer";
				COPY_PHASE_STRIP = NO;
				DEBUG_INFORMATION_FORMAT = dwarf;
				ENABLE_STRICT_OBJC_MSGSEND = YES;
				ENABLE_TESTABILITY = YES;
				GCC_C_LANGUAGE_STANDARD = gnu11;
				GCC_DYNAMIC_NO_PIC = NO;
				GCC_NO_COMMON_BLOCKS = YES;
				GCC_OPTIMIZATION_LEVEL = 0;
				GCC_PREPROCESSOR_DEFINITIONS = (
					"DEBUG=1",
					"$(inherited)",
				);
				GCC_WARN_64_TO_32_BIT_CONVERSION = YES;
				GCC_WARN_ABOUT_RETURN_TYPE = YES_ERROR;
				GCC_WARN_UNDECLARED_SELECTOR = YES;
				GCC_WARN_UNINITIALIZED_AUTOS = YES_AGGRESSIVE;
				GCC_WARN_UNUSED_FUNCTION = YES;
				GCC_WARN_UNUSED_VARIABLE = YES;
				IPHONEOS_DEPLOYMENT_TARGET = 11.4;
				MTL_ENABLE_DEBUG_INFO = YES;
				ONLY_ACTIVE_ARCH = YES;
				SDKROOT = iphoneos;
				SWIFT_ACTIVE_COMPILATION_CONDITIONS = DEBUG;
				SWIFT_OPTIMIZATION_LEVEL = "-Onone";
				USER_HEADER_SEARCH_PATHS = "";
			};
			name = Debug;
		};
		CF51C09420D88CD20024E971 /* Release */ = {
			isa = XCBuildConfiguration;
			buildSettings = {
				ALWAYS_SEARCH_USER_PATHS = NO;
				CLANG_ANALYZER_NONNULL = YES;
				CLANG_ANALYZER_NUMBER_OBJECT_CONVERSION = YES_AGGRESSIVE;
				CLANG_CXX_LANGUAGE_STANDARD = "gnu++14";
				CLANG_CXX_LIBRARY = "libc++";
				CLANG_ENABLE_MODULES = YES;
				CLANG_ENABLE_OBJC_ARC = YES;
				CLANG_ENABLE_OBJC_WEAK = YES;
				CLANG_WARN_BLOCK_CAPTURE_AUTORELEASING = YES;
				CLANG_WARN_BOOL_CONVERSION = YES;
				CLANG_WARN_COMMA = YES;
				CLANG_WARN_CONSTANT_CONVERSION = YES;
				CLANG_WARN_DEPRECATED_OBJC_IMPLEMENTATIONS = YES;
				CLANG_WARN_DIRECT_OBJC_ISA_USAGE = YES_ERROR;
				CLANG_WARN_DOCUMENTATION_COMMENTS = YES;
				CLANG_WARN_EMPTY_BODY = YES;
				CLANG_WARN_ENUM_CONVERSION = YES;
				CLANG_WARN_INFINITE_RECURSION = YES;
				CLANG_WARN_INT_CONVERSION = YES;
				CLANG_WARN_NON_LITERAL_NULL_CONVERSION = YES;
				CLANG_WARN_OBJC_IMPLICIT_RETAIN_SELF = YES;
				CLANG_WARN_OBJC_LITERAL_CONVERSION = YES;
				CLANG_WARN_OBJC_ROOT_CLASS = YES_ERROR;
				CLANG_WARN_RANGE_LOOP_ANALYSIS = YES;
				CLANG_WARN_STRICT_PROTOTYPES = YES;
				CLANG_WARN_SUSPICIOUS_MOVE = YES;
				CLANG_WARN_UNGUARDED_AVAILABILITY = YES_AGGRESSIVE;
				CLANG_WARN_UNREACHABLE_CODE = YES;
				CLANG_WARN__DUPLICATE_METHOD_MATCH = YES;
				CODE_SIGN_IDENTITY = "iPhone Developer";
				COPY_PHASE_STRIP = NO;
				DEBUG_INFORMATION_FORMAT = "dwarf-with-dsym";
				ENABLE_NS_ASSERTIONS = NO;
				ENABLE_STRICT_OBJC_MSGSEND = YES;
				GCC_C_LANGUAGE_STANDARD = gnu11;
				GCC_NO_COMMON_BLOCKS = YES;
				GCC_WARN_64_TO_32_BIT_CONVERSION = YES;
				GCC_WARN_ABOUT_RETURN_TYPE = YES_ERROR;
				GCC_WARN_UNDECLARED_SELECTOR = YES;
				GCC_WARN_UNINITIALIZED_AUTOS = YES_AGGRESSIVE;
				GCC_WARN_UNUSED_FUNCTION = YES;
				GCC_WARN_UNUSED_VARIABLE = YES;
				IPHONEOS_DEPLOYMENT_TARGET = 11.4;
				MTL_ENABLE_DEBUG_INFO = NO;
				SDKROOT = iphoneos;
				SWIFT_COMPILATION_MODE = wholemodule;
				SWIFT_OPTIMIZATION_LEVEL = "-O";
				USER_HEADER_SEARCH_PATHS = "";
				VALIDATE_PRODUCT = YES;
			};
			name = Release;
		};
		CF51C09620D88CD20024E971 /* Debug */ = {
			isa = XCBuildConfiguration;
			baseConfigurationReference = 0EA20511D5BA2603910E0452 /* Pods-BBAccountantTool.debug.xcconfig */;
			buildSettings = {
				ASSETCATALOG_COMPILER_APPICON_NAME = AppIcon;
				ASSETCATALOG_COMPILER_LAUNCHIMAGE_NAME = LaunchImage;
				CLANG_ENABLE_MODULES = YES;
				CODE_SIGN_IDENTITY = "iPhone Developer";
				CODE_SIGN_STYLE = Automatic;
				DEFINES_MODULE = NO;
				DEVELOPMENT_TEAM = CJRF2MVLA4;
				FRAMEWORK_SEARCH_PATHS = (
					"$(inherited)",
					"$(PROJECT_DIR)/BBAccountantTool/Classes/Other/Third/SDK/ShareSDK/Support/PlatformSDK/QQSDK",
					"$(PROJECT_DIR)/BBAccountantTool/Classes/Other/Third/SDK/ShareSDK/Support/Required",
					"$(PROJECT_DIR)/BBAccountantTool/Classes/Other/Third/SDK/ShareSDK/Support/Optional",
					"$(PROJECT_DIR)/BBAccountantTool/Classes/Other/Third/SDK/ShareSDK/Support/PlatformConnector",
					"$(PROJECT_DIR)/BBAccountantTool/Classes/Other/Third/SDK/ShareSDK",
					"$(PROJECT_DIR)/BBAccountantTool/Classes/Other/Third/SDK/Required",
					"$(PROJECT_DIR)/BBAccountantTool/Classes/Other/Third/SDK/AnalySDK",
				);
				INFOPLIST_FILE = BBAccountantTool/Info.plist;
				IPHONEOS_DEPLOYMENT_TARGET = 9.0;
				LD_RUNPATH_SEARCH_PATHS = (
					"$(inherited)",
					"@executable_path/Frameworks",
				);
				LIBRARY_SEARCH_PATHS = (
					"$(inherited)",
					"$(PROJECT_DIR)/BBAccountantTool/Classes/Other/Third/SDK/ShareSDK/Support/PlatformSDK/SinaWeiboSDK",
					"$(PROJECT_DIR)/BBAccountantTool/Classes/Other/Third/SDK/ShareSDK/Support/PlatformSDK/WeChatSDK",
				);
				OTHER_LDFLAGS = (
					"$(inherited)",
					"-framework",
					"\"Alamofire\"",
					"-framework",
					"\"Kingfisher\"",
					"-framework",
					"\"MBProgressHUD\"",
					"-framework",
					"\"Moya\"",
					"-framework",
					"\"Result\"",
					"-framework",
					"\"pop\"",
					"-ObjC",
				);
				PRODUCT_BUNDLE_IDENTIFIER = com.gaodun.accounttool;
				PRODUCT_NAME = "$(TARGET_NAME)";
				PROVISIONING_PROFILE_SPECIFIER = "";
				SWIFT_OBJC_BRIDGING_HEADER = "BBAccountantTool/Classes/Main/BBSystem/BBAccountantTool-Bridging-Header.h";
				SWIFT_OPTIMIZATION_LEVEL = "-Onone";
				SWIFT_VERSION = 4.0;
				TARGETED_DEVICE_FAMILY = "1,2";
				USER_HEADER_SEARCH_PATHS = "";
			};
			name = Debug;
		};
		CF51C09720D88CD20024E971 /* Release */ = {
			isa = XCBuildConfiguration;
			baseConfigurationReference = 173B82BF1D61A857E846E2A9 /* Pods-BBAccountantTool.release.xcconfig */;
			buildSettings = {
				ASSETCATALOG_COMPILER_APPICON_NAME = AppIcon;
				ASSETCATALOG_COMPILER_LAUNCHIMAGE_NAME = LaunchImage;
				CLANG_ENABLE_MODULES = YES;
				CODE_SIGN_IDENTITY = "iPhone Developer";
				CODE_SIGN_STYLE = Automatic;
				DEFINES_MODULE = NO;
				DEVELOPMENT_TEAM = CJRF2MVLA4;
				FRAMEWORK_SEARCH_PATHS = (
					"$(inherited)",
					"$(PROJECT_DIR)/BBAccountantTool/Classes/Other/Third/SDK/ShareSDK/Support/PlatformSDK/QQSDK",
					"$(PROJECT_DIR)/BBAccountantTool/Classes/Other/Third/SDK/ShareSDK/Support/Required",
					"$(PROJECT_DIR)/BBAccountantTool/Classes/Other/Third/SDK/ShareSDK/Support/Optional",
					"$(PROJECT_DIR)/BBAccountantTool/Classes/Other/Third/SDK/ShareSDK/Support/PlatformConnector",
					"$(PROJECT_DIR)/BBAccountantTool/Classes/Other/Third/SDK/ShareSDK",
					"$(PROJECT_DIR)/BBAccountantTool/Classes/Other/Third/SDK/Required",
					"$(PROJECT_DIR)/BBAccountantTool/Classes/Other/Third/SDK/AnalySDK",
				);
				INFOPLIST_FILE = BBAccountantTool/Info.plist;
				IPHONEOS_DEPLOYMENT_TARGET = 9.0;
				LD_RUNPATH_SEARCH_PATHS = (
					"$(inherited)",
					"@executable_path/Frameworks",
				);
				LIBRARY_SEARCH_PATHS = (
					"$(inherited)",
					"$(PROJECT_DIR)/BBAccountantTool/Classes/Other/Third/SDK/ShareSDK/Support/PlatformSDK/SinaWeiboSDK",
					"$(PROJECT_DIR)/BBAccountantTool/Classes/Other/Third/SDK/ShareSDK/Support/PlatformSDK/WeChatSDK",
				);
				OTHER_LDFLAGS = (
					"$(inherited)",
					"-framework",
					"\"Alamofire\"",
					"-framework",
					"\"Kingfisher\"",
					"-framework",
					"\"MBProgressHUD\"",
					"-framework",
					"\"Moya\"",
					"-framework",
					"\"Result\"",
					"-framework",
					"\"pop\"",
					"-ObjC",
				);
				PRODUCT_BUNDLE_IDENTIFIER = com.gaodun.accounttool;
				PRODUCT_NAME = "$(TARGET_NAME)";
				PROVISIONING_PROFILE_SPECIFIER = "";
				SWIFT_OBJC_BRIDGING_HEADER = "BBAccountantTool/Classes/Main/BBSystem/BBAccountantTool-Bridging-Header.h";
				SWIFT_VERSION = 4.0;
				TARGETED_DEVICE_FAMILY = "1,2";
				USER_HEADER_SEARCH_PATHS = "";
			};
			name = Release;
		};
/* End XCBuildConfiguration section */

/* Begin XCConfigurationList section */
		CF51C07E20D88CD10024E971 /* Build configuration list for PBXProject "BBAccountantTool" */ = {
			isa = XCConfigurationList;
			buildConfigurations = (
				CF51C09320D88CD20024E971 /* Debug */,
				CF51C09420D88CD20024E971 /* Release */,
			);
			defaultConfigurationIsVisible = 0;
			defaultConfigurationName = Release;
		};
		CF51C09520D88CD20024E971 /* Build configuration list for PBXNativeTarget "BBAccountantTool" */ = {
			isa = XCConfigurationList;
			buildConfigurations = (
				CF51C09620D88CD20024E971 /* Debug */,
				CF51C09720D88CD20024E971 /* Release */,
			);
			defaultConfigurationIsVisible = 0;
			defaultConfigurationName = Release;
		};
/* End XCConfigurationList section */
	};
	rootObject = CF51C07B20D88CD10024E971 /* Project object */;
}
